<?xml version="1.0" encoding="utf-8"?>
<Project ToolsVersion="18.0" xmlns="http://schemas.microsoft.com/developer/msbuild/2003">
  <ItemGroup>
    <ClCompile Include="D:\work\project\CodeMap\external\Vigine\src\vigine.cpp">
      <Filter>Source Files</Filter>
    </ClCompile>
    <ClCompile Include="D:\work\project\CodeMap\external\Vigine\src\result.cpp">
      <Filter>Source Files</Filter>
    </ClCompile>
    <ClCompile Include="D:\work\project\CodeMap\external\Vigine\src\statemachine.cpp">
      <Filter>Source Files</Filter>
    </ClCompile>
    <ClCompile Include="D:\work\project\CodeMap\external\Vigine\src\taskflow.cpp">
      <Filter>Source Files</Filter>
    </ClCompile>
    <ClCompile Include="D:\work\project\CodeMap\external\Vigine\src\context.cpp">
      <Filter>Source Files</Filter>
    </ClCompile>
    <ClCompile Include="D:\work\project\CodeMap\external\Vigine\src\ecs\componentmanager.cpp">
      <Filter>Source Files</Filter>
    </ClCompile>
    <ClCompile Include="D:\work\project\CodeMap\external\Vigine\src\ecs\render\rendersystem.cpp">
      <Filter>Source Files</Filter>
    </ClCompile>
    <ClCompile Include="D:\work\project\CodeMap\external\Vigine\src\ecs\render\rendercomponent.cpp">
      <Filter>Source Files</Filter>
    </ClCompile>
    <ClCompile Include="D:\work\project\CodeMap\external\Vigine\src\ecs\render\camera.cpp">
      <Filter>Source Files</Filter>
    </ClCompile>
    <ClCompile Include="D:\work\project\CodeMap\external\Vigine\src\ecs\render\vulkanapi.cpp">
      <Filter>Source Files</Filter>
    </ClCompile>
    <ClCompile Include="D:\work\project\CodeMap\external\Vigine\src\ecs\render\vulkandevice.cpp">
      <Filter>Source Files</Filter>
    </ClCompile>
    <ClCompile Include="D:\work\project\CodeMap\external\Vigine\src\ecs\render\vulkanswapchain.cpp">
      <Filter>Source Files</Filter>
    </ClCompile>
    <ClCompile Include="D:\work\project\CodeMap\external\Vigine\src\ecs\render\vulkantexturestore.cpp">
      <Filter>Source Files</Filter>
    </ClCompile>
    <ClCompile Include="D:\work\project\CodeMap\external\Vigine\src\ecs\render\vulkanpipelinestore.cpp">
      <Filter>Source Files</Filter>
    </ClCompile>
    <ClCompile Include="D:\work\project\CodeMap\external\Vigine\src\ecs\render\vulkanframerenderer.cpp">
      <Filter>Source Files</Filter>
    </ClCompile>
    <ClCompile Include="D:\work\project\CodeMap\external\Vigine\src\ecs\render\transformcomponent.cpp">
      <Filter>Source Files</Filter>
    </ClCompile>
    <ClCompile Include="D:\work\project\CodeMap\external\Vigine\src\ecs\render\meshcomponent.cpp">
      <Filter>Source Files</Filter>
    </ClCompile>
    <ClCompile Include="D:\work\project\CodeMap\external\Vigine\src\ecs\render\shadercomponent.cpp">
      <Filter>Source Files</Filter>
    </ClCompile>
    <ClCompile Include="D:\work\project\CodeMap\external\Vigine\src\ecs\render\texturecomponent.cpp">
      <Filter>Source Files</Filter>
    </ClCompile>
    <ClCompile Include="D:\work\project\CodeMap\external\Vigine\src\ecs\render\pipelinecache.cpp">
      <Filter>Source Files</Filter>
    </ClCompile>
    <ClCompile Include="D:\work\project\CodeMap\external\Vigine\src\ecs\entity.cpp">
      <Filter>Source Files</Filter>
    </ClCompile>
    <ClCompile Include="D:\work\project\CodeMap\external\Vigine\src\abstracttask.cpp">
      <Filter>Source Files</Filter>
    </ClCompile>
    <ClCompile Include="D:\work\project\CodeMap\external\Vigine\src\abstractservice.cpp">
      <Filter>Source Files</Filter>
    </ClCompile>
    <ClCompile Include="D:\work\project\CodeMap\external\Vigine\src\contextholder.cpp">
      <Filter>Source Files</Filter>
    </ClCompile>
    <ClCompile Include="D:\work\project\CodeMap\external\Vigine\src\signal\isignalemiter.cpp">
      <Filter>Source Files</Filter>
    </ClCompile>
    <ClCompile Include="D:\work\project\CodeMap\external\Vigine\src\ecs\entitymanager.cpp">
      <Filter>Source Files</Filter>
    </ClCompile>
    <ClCompile Include="D:\work\project\CodeMap\external\Vigine\src\ecs\abstractsystem.cpp">
      <Filter>Source Files</Filter>
    </ClCompile>
    <ClCompile Include="D:\work\project\CodeMap\external\Vigine\src\entitybindinghost.cpp">
      <Filter>Source Files</Filter>
    </ClCompile>
    <ClCompile Include="D:\work\project\CodeMap\external\Vigine\src\graph\abstractgraph.cpp">
      <Filter>Source Files</Filter>
    </ClCompile>
    <ClCompile Include="D:\work\project\CodeMap\external\Vigine\src\graph\defaultgraph.cpp">
      <Filter>Source Files</Filter>
    </ClCompile>
    <ClCompile Include="D:\work\project\CodeMap\external\Vigine\src\graph\defaultgraph_traverse.cpp">
      <Filter>Source Files</Filter>
    </ClCompile>
    <ClCompile Include="D:\work\project\CodeMap\external\Vigine\src\graph\defaultgraph_query.cpp">
      <Filter>Source Files</Filter>
    </ClCompile>
    <ClCompile Include="D:\work\project\CodeMap\external\Vigine\src\graph\defaultgraph_export.cpp">
      <Filter>Source Files</Filter>
    </ClCompile>
    <ClCompile Include="D:\work\project\CodeMap\external\Vigine\src\graph\factory.cpp">
      <Filter>Source Files</Filter>
    </ClCompile>
    <ClCompile Include="D:\work\project\CodeMap\external\Vigine\src\threading\abstractthreadmanager.cpp">
      <Filter>Source Files</Filter>
    </ClCompile>
    <ClCompile Include="D:\work\project\CodeMap\external\Vigine\src\threading\defaultthreadmanager.cpp">
      <Filter>Source Files</Filter>
    </ClCompile>
    <ClCompile Include="D:\work\project\CodeMap\external\Vigine\src\threading\defaultmutex.cpp">
      <Filter>Source Files</Filter>
    </ClCompile>
    <ClCompile Include="D:\work\project\CodeMap\external\Vigine\src\threading\defaultsemaphore.cpp">
      <Filter>Source Files</Filter>
    </ClCompile>
    <ClCompile Include="D:\work\project\CodeMap\external\Vigine\src\threading\defaultbarrier.cpp">
      <Filter>Source Files</Filter>
    </ClCompile>
    <ClCompile Include="D:\work\project\CodeMap\external\Vigine\src\threading\defaultmessagechannel.cpp">
      <Filter>Source Files</Filter>
    </ClCompile>
    <ClCompile Include="D:\work\project\CodeMap\external\Vigine\src\threading\defaultthreadmanager_factories.cpp">
      <Filter>Source Files</Filter>
    </ClCompile>
    <ClCompile Include="D:\work\project\CodeMap\external\Vigine\src\threading\factory.cpp">
      <Filter>Source Files</Filter>
    </ClCompile>
    <ClCompile Include="D:\work\project\CodeMap\external\Vigine\src\payload\abstractpayloadregistry.cpp">
      <Filter>Source Files</Filter>
    </ClCompile>
    <ClCompile Include="D:\work\project\CodeMap\external\Vigine\src\payload\defaultpayloadregistry.cpp">
      <Filter>Source Files</Filter>
    </ClCompile>
    <ClCompile Include="D:\work\project\CodeMap\external\Vigine\src\payload\factory.cpp">
      <Filter>Source Files</Filter>
    </ClCompile>
    <ClCompile Include="D:\work\project\CodeMap\external\Vigine\src\messaging\abstractmessagetarget.cpp">
      <Filter>Source Files</Filter>
    </ClCompile>
    <ClCompile Include="D:\work\project\CodeMap\external\Vigine\src\messaging\connectiontoken.cpp">
      <Filter>Source Files</Filter>
    </ClCompile>
    <ClCompile Include="D:\work\project\CodeMap\external\Vigine\src\messaging\ibuscontrolblock_default.cpp">
      <Filter>Source Files</Filter>
    </ClCompile>
    <ClCompile Include="D:\work\project\CodeMap\external\Vigine\src\messaging\cleanup.cpp">
      <Filter>Source Files</Filter>
    </ClCompile>
    <ClCompile Include="D:\work\project\CodeMap\external\Vigine\src\messaging\abstractmessagebus.cpp">
      <Filter>Source Files</Filter>
    </ClCompile>
    <ClCompile Include="D:\work\project\CodeMap\external\Vigine\src\messaging\systemmessagebus.cpp">
      <Filter>Source Files</Filter>
    </ClCompile>
    <ClCompile Include="D:\work\project\CodeMap\external\Vigine\src\messaging\createmessagebus.cpp">
      <Filter>Source Files</Filter>
    </ClCompile>
    <ClCompile Include="D:\work\project\CodeMap\external\Vigine\src\messaging\routing\firstmatch.cpp">
      <Filter>Source Files</Filter>
    </ClCompile>
    <ClCompile Include="D:\work\project\CodeMap\external\Vigine\src\messaging\routing\fanout.cpp">
      <Filter>Source Files</Filter>
    </ClCompile>
    <ClCompile Include="D:\work\project\CodeMap\external\Vigine\src\messaging\routing\chain.cpp">
      <Filter>Source Files</Filter>
    </ClCompile>
    <ClCompile Include="D:\work\project\CodeMap\external\Vigine\src\messaging\routing\bubble.cpp">
      <Filter>Source Files</Filter>
    </ClCompile>
    <ClCompile Include="D:\work\project\CodeMap\external\Vigine\src\messaging\routing\broadcast.cpp">
      <Filter>Source Files</Filter>
    </ClCompile>
    <ClCompile Include="D:\work\project\CodeMap\external\Vigine\src\ecs\render\platform\win32surfacefactory.cpp">
      <Filter>Source Files</Filter>
    </ClCompile>
    <ClCompile Include="D:\work\project\CodeMap\external\Vigine\src\service\databaseservice.cpp">
      <Filter>Source Files</Filter>
    </ClCompile>
    <ClCompile Include="D:\work\project\CodeMap\external\Vigine\src\service\graphicsservice.cpp">
      <Filter>Source Files</Filter>
    </ClCompile>
    <ClCompile Include="D:\work\project\CodeMap\external\Vigine\src\service\platformservice.cpp">
      <Filter>Source Files</Filter>
    </ClCompile>
    <ClCompile Include="D:\work\project\CodeMap\external\Vigine\src\service\serviceregistry.cpp">
      <Filter>Source Files</Filter>
    </ClCompile>
    <ClCompile Include="D:\work\project\CodeMap\external\Vigine\src\service\abstractservice.cpp">
      <Filter>Source Files</Filter>
    </ClCompile>
    <ClCompile Include="D:\work\project\CodeMap\external\Vigine\src\service\defaultservice.cpp">
      <Filter>Source Files</Filter>
    </ClCompile>
    <ClCompile Include="D:\work\project\CodeMap\external\Vigine\src\service\factory.cpp">
      <Filter>Source Files</Filter>
    </ClCompile>
    <ClCompile Include="D:\work\project\CodeMap\external\Vigine\src\ecs\entityworld.cpp">
      <Filter>Source Files</Filter>
    </ClCompile>
    <ClCompile Include="D:\work\project\CodeMap\external\Vigine\src\ecs\abstractecs.cpp">
      <Filter>Source Files</Filter>
    </ClCompile>
    <ClCompile Include="D:\work\project\CodeMap\external\Vigine\src\ecs\defaultecs.cpp">
      <Filter>Source Files</Filter>
    </ClCompile>
    <ClCompile Include="D:\work\project\CodeMap\external\Vigine\src\ecs\factory.cpp">
      <Filter>Source Files</Filter>
    </ClCompile>
    <ClCompile Include="D:\work\project\CodeMap\external\Vigine\src\statemachine\statetopology.cpp">
      <Filter>Source Files</Filter>
    </ClCompile>
    <ClCompile Include="D:\work\project\CodeMap\external\Vigine\src\statemachine\abstractstatemachine.cpp">
      <Filter>Source Files</Filter>
    </ClCompile>
    <ClCompile Include="D:\work\project\CodeMap\external\Vigine\src\statemachine\defaultstatemachine.cpp">
      <Filter>Source Files</Filter>
    </ClCompile>
    <ClCompile Include="D:\work\project\CodeMap\external\Vigine\src\statemachine\factory.cpp">
      <Filter>Source Files</Filter>
    </ClCompile>
    <ClCompile Include="D:\work\project\CodeMap\external\Vigine\src\taskflow\taskorchestrator.cpp">
      <Filter>Source Files</Filter>
    </ClCompile>
    <ClCompile Include="D:\work\project\CodeMap\external\Vigine\src\taskflow\abstracttaskflow.cpp">
      <Filter>Source Files</Filter>
    </ClCompile>
    <ClCompile Include="D:\work\project\CodeMap\external\Vigine\src\taskflow\defaulttaskflow.cpp">
      <Filter>Source Files</Filter>
    </ClCompile>
    <ClCompile Include="D:\work\project\CodeMap\external\Vigine\src\taskflow\factory.cpp">
      <Filter>Source Files</Filter>
    </ClCompile>
    <ClCompile Include="D:\work\project\CodeMap\external\Vigine\src\context\abstractcontext.cpp">
      <Filter>Source Files</Filter>
    </ClCompile>
    <ClCompile Include="D:\work\project\CodeMap\external\Vigine\src\context\defaultcontext.cpp">
      <Filter>Source Files</Filter>
    </ClCompile>
    <ClCompile Include="D:\work\project\CodeMap\external\Vigine\src\context\factory.cpp">
      <Filter>Source Files</Filter>
    </ClCompile>
    <ClCompile Include="D:\work\project\CodeMap\external\Vigine\src\signalemitter\abstractsignalemitter.cpp">
      <Filter>Source Files</Filter>
    </ClCompile>
    <ClCompile Include="D:\work\project\CodeMap\external\Vigine\src\signalemitter\defaultsignalemitter.cpp">
      <Filter>Source Files</Filter>
    </ClCompile>
    <ClCompile Include="D:\work\project\CodeMap\external\Vigine\src\eventscheduler\abstracteventscheduler.cpp">
      <Filter>Source Files</Filter>
    </ClCompile>
    <ClCompile Include="D:\work\project\CodeMap\external\Vigine\src\eventscheduler\itimersource_default.cpp">
      <Filter>Source Files</Filter>
    </ClCompile>
    <ClCompile Include="D:\work\project\CodeMap\external\Vigine\src\eventscheduler\defaulteventscheduler.cpp">
      <Filter>Source Files</Filter>
    </ClCompile>
    <ClCompile Include="D:\work\project\CodeMap\external\Vigine\src\eventscheduler\iossignalsource_win.cpp">
      <Filter>Source Files</Filter>
    </ClCompile>
    <ClCompile Include="D:\work\project\CodeMap\external\Vigine\src\topicbus\abstracttopicbus.cpp">
      <Filter>Source Files</Filter>
    </ClCompile>
    <ClCompile Include="D:\work\project\CodeMap\external\Vigine\src\topicbus\defaulttopicbus.cpp">
      <Filter>Source Files</Filter>
    </ClCompile>
    <ClCompile Include="D:\work\project\CodeMap\external\Vigine\src\topicbus\factory.cpp">
      <Filter>Source Files</Filter>
    </ClCompile>
    <ClCompile Include="D:\work\project\CodeMap\external\Vigine\src\channelfactory\abstractchannelfactory.cpp">
      <Filter>Source Files</Filter>
    </ClCompile>
    <ClCompile Include="D:\work\project\CodeMap\external\Vigine\src\channelfactory\defaultchannel.cpp">
      <Filter>Source Files</Filter>
    </ClCompile>
    <ClCompile Include="D:\work\project\CodeMap\external\Vigine\src\channelfactory\defaultchannelfactory.cpp">
      <Filter>Source Files</Filter>
    </ClCompile>
    <ClCompile Include="D:\work\project\CodeMap\external\Vigine\src\channelfactory\factory.cpp">
      <Filter>Source Files</Filter>
    </ClCompile>
    <ClCompile Include="D:\work\project\CodeMap\external\Vigine\src\pipelinebuilder\abstractpipelinebuilder.cpp">
      <Filter>Source Files</Filter>
    </ClCompile>
    <ClCompile Include="D:\work\project\CodeMap\external\Vigine\src\pipelinebuilder\defaultpipelinebuilder.cpp">
      <Filter>Source Files</Filter>
    </ClCompile>
    <ClCompile Include="D:\work\project\CodeMap\external\Vigine\src\pipelinebuilder\factory.cpp">
      <Filter>Source Files</Filter>
    </ClCompile>
    <ClCompile Include="D:\work\project\CodeMap\external\Vigine\src\ecs\platform\windowsystem.cpp">
      <Filter>Source Files</Filter>
    </ClCompile>
    <ClCompile Include="D:\work\project\CodeMap\external\Vigine\src\ecs\platform\windowcomponent.cpp">
      <Filter>Source Files</Filter>
    </ClCompile>
    <ClCompile Include="D:\work\project\CodeMap\external\Vigine\src\ecs\platform\windoweventdispatcher.cpp">
      <Filter>Source Files</Filter>
    </ClCompile>
    <ClCompile Include="D:\work\project\CodeMap\external\Vigine\src\ecs\platform\winapicomponent.cpp">
      <Filter>Source Files</Filter>
    </ClCompile>
    <ClCompile Include="D:\work\project\CodeMap\external\Vigine\src\base\name.cpp">
      <Filter>Source Files</Filter>
    </ClCompile>
    <ClCompile Include="D:\work\project\CodeMap\external\Vigine\src\base\password.cpp">
      <Filter>Source Files</Filter>
    </ClCompile>
  </ItemGroup>
  <ItemGroup>
    <ClInclude Include="D:\work\project\CodeMap\external\Vigine\include\vigine\vigine.h">
      <Filter>Header Files</Filter>
    </ClInclude>
    <ClInclude Include="D:\work\project\CodeMap\external\Vigine\include\vigine\result.h">
      <Filter>Header Files</Filter>
    </ClInclude>
    <ClInclude Include="D:\work\project\CodeMap\external\Vigine\include\vigine\statemachine.h">
      <Filter>Header Files</Filter>
    </ClInclude>
    <ClInclude Include="D:\work\project\CodeMap\external\Vigine\include\vigine\abstractstate.h">
      <Filter>Header Files</Filter>
    </ClInclude>
    <ClInclude Include="D:\work\project\CodeMap\external\Vigine\include\vigine\taskflow.h">
      <Filter>Header Files</Filter>
    </ClInclude>
    <ClInclude Include="D:\work\project\CodeMap\external\Vigine\include\vigine\signal\isignal.h">
      <Filter>Header Files</Filter>
    </ClInclude>
    <ClInclude Include="D:\work\project\CodeMap\external\Vigine\include\vigine\signal\isignalemiter.h">
      <Filter>Header Files</Filter>
    </ClInclude>
    <ClInclude Include="D:\work\project\CodeMap\external\Vigine\include\vigine\signal\isignalbinder.h">
      <Filter>Header Files</Filter>
    </ClInclude>
    <ClInclude Include="D:\work\project\CodeMap\external\Vigine\include\vigine\abstracttask.h">
      <Filter>Header Files</Filter>
    </ClInclude>
    <ClInclude Include="D:\work\project\CodeMap\external\Vigine\include\vigine\abstractservice.h">
      <Filter>Header Files</Filter>
    </ClInclude>
    <ClInclude Include="D:\work\project\CodeMap\external\Vigine\include\vigine\context.h">
      <Filter>Header Files</Filter>
    </ClInclude>
    <ClInclude Include="D:\work\project\CodeMap\external\Vigine\include\vigine\property.h">
      <Filter>Header Files</Filter>
    </ClInclude>
    <ClInclude Include="D:\work\project\CodeMap\external\Vigine\include\vigine\ecs\abstractsystem.h">
      <Filter>Header Files</Filter>
    </ClInclude>
    <ClInclude Include="D:\work\project\CodeMap\external\Vigine\include\vigine\ecs\abstractcomponent.h">
      <Filter>Header Files</Filter>
    </ClInclude>
    <ClInclude Include="D:\work\project\CodeMap\external\Vigine\include\vigine\ecs\entity.h">
      <Filter>Header Files</Filter>
    </ClInclude>
    <ClInclude Include="D:\work\project\CodeMap\external\Vigine\include\vigine\ecs\componentmanager.h">
      <Filter>Header Files</Filter>
    </ClInclude>
    <ClInclude Include="D:\work\project\CodeMap\external\Vigine\include\vigine\ecs\render\rendersystem.h">
      <Filter>Header Files</Filter>
    </ClInclude>
    <ClInclude Include="D:\work\project\CodeMap\external\Vigine\include\vigine\ecs\render\rendercomponent.h">
      <Filter>Header Files</Filter>
    </ClInclude>
    <ClInclude Include="D:\work\project\CodeMap\external\Vigine\include\vigine\ecs\render\graphicsbackend.h">
      <Filter>Header Files</Filter>
    </ClInclude>
    <ClInclude Include="D:\work\project\CodeMap\external\Vigine\include\vigine\ecs\render\graphicshandles.h">
      <Filter>Header Files</Filter>
    </ClInclude>
    <ClInclude Include="D:\work\project\CodeMap\external\Vigine\include\vigine\ecs\render\camera.h">
      <Filter>Header Files</Filter>
    </ClInclude>
    <ClInclude Include="D:\work\project\CodeMap\external\Vigine\include\vigine\ecs\render\surfacefactory.h">
      <Filter>Header Files</Filter>
    </ClInclude>
    <ClInclude Include="D:\work\project\CodeMap\external\Vigine\include\vigine\ecs\render\vulkanapi.h">
      <Filter>Header Files</Filter>
    </ClInclude>
    <ClInclude Include="D:\work\project\CodeMap\external\Vigine\include\vigine\ecs\render\transformcomponent.h">
      <Filter>Header Files</Filter>
    </ClInclude>
    <ClInclude Include="D:\work\project\CodeMap\external\Vigine\include\vigine\ecs\render\meshcomponent.h">
      <Filter>Header Files</Filter>
    </ClInclude>
    <ClInclude Include="D:\work\project\CodeMap\external\Vigine\include\vigine\ecs\render\shadercomponent.h">
      <Filter>Header Files</Filter>
    </ClInclude>
    <ClInclude Include="D:\work\project\CodeMap\external\Vigine\include\vigine\ecs\render\texturecomponent.h">
      <Filter>Header Files</Filter>
    </ClInclude>
    <ClInclude Include="D:\work\project\CodeMap\external\Vigine\include\vigine\ecs\render\pipelinecache.h">
      <Filter>Header Files</Filter>
    </ClInclude>
    <ClInclude Include="D:\work\project\CodeMap\external\Vigine\include\vigine\contextholder.h">
      <Filter>Header Files</Filter>
    </ClInclude>
    <ClInclude Include="D:\work\project\CodeMap\external\Vigine\include\vigine\ecs\entitymanager.h">
      <Filter>Header Files</Filter>
    </ClInclude>
    <ClInclude Include="D:\work\project\CodeMap\external\Vigine\include\vigine\entitybindinghost.h">
      <Filter>Header Files</Filter>
    </ClInclude>
    <ClInclude Include="D:\work\project\CodeMap\external\Vigine\include\vigine\base\constant.h">
      <Filter>Header Files</Filter>
    </ClInclude>
    <ClInclude Include="D:\work\project\CodeMap\external\Vigine\include\vigine\base\function.h">
      <Filter>Header Files</Filter>
    </ClInclude>
    <ClInclude Include="D:\work\project\CodeMap\external\Vigine\include\vigine\graph\nodeid.h">
      <Filter>Header Files</Filter>
    </ClInclude>
    <ClInclude Include="D:\work\project\CodeMap\external\Vigine\include\vigine\graph\edgeid.h">
      <Filter>Header Files</Filter>
    </ClInclude>
    <ClInclude Include="D:\work\project\CodeMap\external\Vigine\include\vigine\graph\traverse_mode.h">
      <Filter>Header Files</Filter>
    </ClInclude>
    <ClInclude Include="D:\work\project\CodeMap\external\Vigine\include\vigine\graph\visit_result.h">
      <Filter>Header Files</Filter>
    </ClInclude>
    <ClInclude Include="D:\work\project\CodeMap\external\Vigine\include\vigine\graph\kind.h">
      <Filter>Header Files</Filter>
    </ClInclude>
    <ClInclude Include="D:\work\project\CodeMap\external\Vigine\include\vigine\graph\iedgedata.h">
      <Filter>Header Files</Filter>
    </ClInclude>
    <ClInclude Include="D:\work\project\CodeMap\external\Vigine\include\vigine\graph\inode.h">
      <Filter>Header Files</Filter>
    </ClInclude>
    <ClInclude Include="D:\work\project\CodeMap\external\Vigine\include\vigine\graph\iedge.h">
      <Filter>Header Files</Filter>
    </ClInclude>
    <ClInclude Include="D:\work\project\CodeMap\external\Vigine\include\vigine\graph\igraphvisitor.h">
      <Filter>Header Files</Filter>
    </ClInclude>
    <ClInclude Include="D:\work\project\CodeMap\external\Vigine\include\vigine\graph\igraphquery.h">
      <Filter>Header Files</Filter>
    </ClInclude>
    <ClInclude Include="D:\work\project\CodeMap\external\Vigine\include\vigine\graph\igraph.h">
      <Filter>Header Files</Filter>
    </ClInclude>
    <ClInclude Include="D:\work\project\CodeMap\external\Vigine\include\vigine\graph\factory.h">
      <Filter>Header Files</Filter>
    </ClInclude>
    <ClInclude Include="D:\work\project\CodeMap\external\Vigine\include\vigine\graph\abstractgraph.h">
      <Filter>Header Files</Filter>
    </ClInclude>
    <ClInclude Include="D:\work\project\CodeMap\external\Vigine\include\vigine\threading\threadaffinity.h">
      <Filter>Header Files</Filter>
    </ClInclude>
    <ClInclude Include="D:\work\project\CodeMap\external\Vigine\include\vigine\threading\namedthreadid.h">
      <Filter>Header Files</Filter>
    </ClInclude>
    <ClInclude Include="D:\work\project\CodeMap\external\Vigine\include\vigine\threading\threadmanagerconfig.h">
      <Filter>Header Files</Filter>
    </ClInclude>
    <ClInclude Include="D:\work\project\CodeMap\external\Vigine\include\vigine\threading\irunnable.h">
      <Filter>Header Files</Filter>
    </ClInclude>
    <ClInclude Include="D:\work\project\CodeMap\external\Vigine\include\vigine\threading\itaskhandle.h">
      <Filter>Header Files</Filter>
    </ClInclude>
    <ClInclude Include="D:\work\project\CodeMap\external\Vigine\include\vigine\threading\imutex.h">
      <Filter>Header Files</Filter>
    </ClInclude>
    <ClInclude Include="D:\work\project\CodeMap\external\Vigine\include\vigine\threading\isemaphore.h">
      <Filter>Header Files</Filter>
    </ClInclude>
    <ClInclude Include="D:\work\project\CodeMap\external\Vigine\include\vigine\threading\ibarrier.h">
      <Filter>Header Files</Filter>
    </ClInclude>
    <ClInclude Include="D:\work\project\CodeMap\external\Vigine\include\vigine\threading\imessagechannel.h">
      <Filter>Header Files</Filter>
    </ClInclude>
    <ClInclude Include="D:\work\project\CodeMap\external\Vigine\include\vigine\threading\ithreadmanager.h">
      <Filter>Header Files</Filter>
    </ClInclude>
    <ClInclude Include="D:\work\project\CodeMap\external\Vigine\include\vigine\threading\abstractthreadmanager.h">
      <Filter>Header Files</Filter>
    </ClInclude>
    <ClInclude Include="D:\work\project\CodeMap\external\Vigine\include\vigine\threading\defaultthreadmanager.h">
      <Filter>Header Files</Filter>
    </ClInclude>
    <ClInclude Include="D:\work\project\CodeMap\external\Vigine\include\vigine\threading\factory.h">
      <Filter>Header Files</Filter>
    </ClInclude>
    <ClInclude Include="D:\work\project\CodeMap\external\Vigine\include\vigine\payload\payloadtypeid.h">
      <Filter>Header Files</Filter>
    </ClInclude>
    <ClInclude Include="D:\work\project\CodeMap\external\Vigine\include\vigine\payload\payloadrange.h">
      <Filter>Header Files</Filter>
    </ClInclude>
    <ClInclude Include="D:\work\project\CodeMap\external\Vigine\include\vigine\payload\ipayloadregistry.h">
      <Filter>Header Files</Filter>
    </ClInclude>
    <ClInclude Include="D:\work\project\CodeMap\external\Vigine\include\vigine\payload\factory.h">
      <Filter>Header Files</Filter>
    </ClInclude>
    <ClInclude Include="D:\work\project\CodeMap\external\Vigine\include\vigine\messaging\kind.h">
      <Filter>Header Files</Filter>
    </ClInclude>
    <ClInclude Include="D:\work\project\CodeMap\external\Vigine\include\vigine\messaging\connectionid.h">
      <Filter>Header Files</Filter>
    </ClInclude>
    <ClInclude Include="D:\work\project\CodeMap\external\Vigine\include\vigine\messaging\targetkind.h">
      <Filter>Header Files</Filter>
    </ClInclude>
    <ClInclude Include="D:\work\project\CodeMap\external\Vigine\include\vigine\messaging\iconnectiontoken.h">
      <Filter>Header Files</Filter>
    </ClInclude>
    <ClInclude Include="D:\work\project\CodeMap\external\Vigine\include\vigine\messaging\ibuscontrolblock.h">
      <Filter>Header Files</Filter>
    </ClInclude>
    <ClInclude Include="D:\work\project\CodeMap\external\Vigine\include\vigine\messaging\connectiontoken.h">
      <Filter>Header Files</Filter>
    </ClInclude>
    <ClInclude Include="D:\work\project\CodeMap\external\Vigine\include\vigine\messaging\abstractmessagetarget.h">
      <Filter>Header Files</Filter>
    </ClInclude>
    <ClInclude Include="D:\work\project\CodeMap\external\Vigine\include\vigine\messaging\busid.h">
      <Filter>Header Files</Filter>
    </ClInclude>
    <ClInclude Include="D:\work\project\CodeMap\external\Vigine\include\vigine\messaging\busconfig.h">
      <Filter>Header Files</Filter>
    </ClInclude>
    <ClInclude Include="D:\work\project\CodeMap\external\Vigine\include\vigine\messaging\messagekind.h">
      <Filter>Header Files</Filter>
    </ClInclude>
    <ClInclude Include="D:\work\project\CodeMap\external\Vigine\include\vigine\messaging\routemode.h">
      <Filter>Header Files</Filter>
    </ClInclude>
    <ClInclude Include="D:\work\project\CodeMap\external\Vigine\include\vigine\messaging\messagefilter.h">
      <Filter>Header Files</Filter>
    </ClInclude>
    <ClInclude Include="D:\work\project\CodeMap\external\Vigine\include\vigine\messaging\imessagepayload.h">
      <Filter>Header Files</Filter>
    </ClInclude>
    <ClInclude Include="D:\work\project\CodeMap\external\Vigine\include\vigine\messaging\imessage.h">
      <Filter>Header Files</Filter>
    </ClInclude>
    <ClInclude Include="D:\work\project\CodeMap\external\Vigine\include\vigine\messaging\isubscriber.h">
      <Filter>Header Files</Filter>
    </ClInclude>
    <ClInclude Include="D:\work\project\CodeMap\external\Vigine\include\vigine\messaging\isubscriptiontoken.h">
      <Filter>Header Files</Filter>
    </ClInclude>
    <ClInclude Include="D:\work\project\CodeMap\external\Vigine\include\vigine\messaging\imessagebus.h">
      <Filter>Header Files</Filter>
    </ClInclude>
    <ClInclude Include="D:\work\project\CodeMap\external\Vigine\include\vigine\messaging\abstractmessagebus.h">
      <Filter>Header Files</Filter>
    </ClInclude>
    <ClInclude Include="D:\work\project\CodeMap\external\Vigine\include\vigine\messaging\systemmessagebus.h">
      <Filter>Header Files</Filter>
    </ClInclude>
    <ClInclude Include="D:\work\project\CodeMap\external\Vigine\include\vigine\messaging\factory.h">
      <Filter>Header Files</Filter>
    </ClInclude>
    <ClInclude Include="D:\work\project\CodeMap\external\Vigine\include\vigine\statemachine\istatemachine.h">
      <Filter>Header Files</Filter>
    </ClInclude>
    <ClInclude Include="D:\work\project\CodeMap\external\Vigine\include\vigine\context\icontext.h">
      <Filter>Header Files</Filter>
    </ClInclude>
    <ClInclude Include="D:\work\project\CodeMap\external\Vigine\include\vigine\ecs\ientitymanager.h">
      <Filter>Header Files</Filter>
    </ClInclude>
    <ClInclude Include="D:\work\project\CodeMap\external\Vigine\include\vigine\ecs\kind.h">
      <Filter>Header Files</Filter>
    </ClInclude>
    <ClInclude Include="D:\work\project\CodeMap\external\Vigine\include\vigine\fsm\kind.h">
      <Filter>Header Files</Filter>
    </ClInclude>
    <ClInclude Include="D:\work\project\CodeMap\external\Vigine\include\vigine\taskflow\kind.h">
      <Filter>Header Files</Filter>
    </ClInclude>
    <ClInclude Include="D:\work\project\CodeMap\external\Vigine\src\threading\defaultmutex.h">
      <Filter>Header Files</Filter>
    </ClInclude>
    <ClInclude Include="D:\work\project\CodeMap\external\Vigine\src\threading\defaultsemaphore.h">
      <Filter>Header Files</Filter>
    </ClInclude>
    <ClInclude Include="D:\work\project\CodeMap\external\Vigine\src\threading\defaultbarrier.h">
      <Filter>Header Files</Filter>
    </ClInclude>
    <ClInclude Include="D:\work\project\CodeMap\external\Vigine\src\threading\defaultmessagechannel.h">
      <Filter>Header Files</Filter>
    </ClInclude>
    <ClInclude Include="D:\work\project\CodeMap\external\Vigine\src\payload\abstractpayloadregistry.h">
      <Filter>Header Files</Filter>
    </ClInclude>
    <ClInclude Include="D:\work\project\CodeMap\external\Vigine\src\payload\defaultpayloadregistry.h">
      <Filter>Header Files</Filter>
    </ClInclude>
    <ClInclude Include="D:\work\project\CodeMap\external\Vigine\src\messaging\ibuscontrolblock_default.h">
      <Filter>Header Files</Filter>
    </ClInclude>
    <ClInclude Include="D:\work\project\CodeMap\external\Vigine\src\messaging\cleanup.h">
      <Filter>Header Files</Filter>
    </ClInclude>
    <ClInclude Include="D:\work\project\CodeMap\external\Vigine\include\vigine\service\databaseservice.h">
      <Filter>Header Files</Filter>
    </ClInclude>
    <ClInclude Include="D:\work\project\CodeMap\external\Vigine\include\vigine\service\graphicsservice.h">
      <Filter>Header Files</Filter>
    </ClInclude>
    <ClInclude Include="D:\work\project\CodeMap\external\Vigine\include\vigine\service\platformservice.h">
      <Filter>Header Files</Filter>
    </ClInclude>
    <ClInclude Include="D:\work\project\CodeMap\external\Vigine\include\vigine\service\serviceid.h">
      <Filter>Header Files</Filter>
    </ClInclude>
    <ClInclude Include="D:\work\project\CodeMap\external\Vigine\include\vigine\service\dependencykind.h">
      <Filter>Header Files</Filter>
    </ClInclude>
    <ClInclude Include="D:\work\project\CodeMap\external\Vigine\include\vigine\service\initpolicy.h">
      <Filter>Header Files</Filter>
    </ClInclude>
    <ClInclude Include="D:\work\project\CodeMap\external\Vigine\include\vigine\service\iservice.h">
      <Filter>Header Files</Filter>
    </ClInclude>
    <ClInclude Include="D:\work\project\CodeMap\external\Vigine\include\vigine\service\abstractservice.h">
      <Filter>Header Files</Filter>
    </ClInclude>
    <ClInclude Include="D:\work\project\CodeMap\external\Vigine\include\vigine\service\factory.h">
      <Filter>Header Files</Filter>
    </ClInclude>
    <ClInclude Include="D:\work\project\CodeMap\external\Vigine\src\service\serviceregistry.h">
      <Filter>Header Files</Filter>
    </ClInclude>
    <ClInclude Include="D:\work\project\CodeMap\external\Vigine\src\service\defaultservice.h">
      <Filter>Header Files</Filter>
    </ClInclude>
    <ClInclude Include="D:\work\project\CodeMap\external\Vigine\include\vigine\ecs\ecstypes.h">
      <Filter>Header Files</Filter>
    </ClInclude>
    <ClInclude Include="D:\work\project\CodeMap\external\Vigine\include\vigine\ecs\iecs.h">
      <Filter>Header Files</Filter>
    </ClInclude>
    <ClInclude Include="D:\work\project\CodeMap\external\Vigine\include\vigine\ecs\icomponentstore.h">
      <Filter>Header Files</Filter>
    </ClInclude>
    <ClInclude Include="D:\work\project\CodeMap\external\Vigine\include\vigine\ecs\abstractecs.h">
      <Filter>Header Files</Filter>
    </ClInclude>
    <ClInclude Include="D:\work\project\CodeMap\external\Vigine\include\vigine\ecs\factory.h">
      <Filter>Header Files</Filter>
    </ClInclude>
    <ClInclude Include="D:\work\project\CodeMap\external\Vigine\src\ecs\entityworld.h">
      <Filter>Header Files</Filter>
    </ClInclude>
    <ClInclude Include="D:\work\project\CodeMap\external\Vigine\src\ecs\defaultecs.h">
      <Filter>Header Files</Filter>
    </ClInclude>
    <ClInclude Include="D:\work\project\CodeMap\external\Vigine\include\vigine\statemachine\stateid.h">
      <Filter>Header Files</Filter>
    </ClInclude>
    <ClInclude Include="D:\work\project\CodeMap\external\Vigine\include\vigine\statemachine\routemode.h">
      <Filter>Header Files</Filter>
    </ClInclude>
    <ClInclude Include="D:\work\project\CodeMap\external\Vigine\include\vigine\statemachine\abstractstatemachine.h">
      <Filter>Header Files</Filter>
    </ClInclude>
    <ClInclude Include="D:\work\project\CodeMap\external\Vigine\include\vigine\statemachine\factory.h">
      <Filter>Header Files</Filter>
    </ClInclude>
    <ClInclude Include="D:\work\project\CodeMap\external\Vigine\src\statemachine\statetopology.h">
      <Filter>Header Files</Filter>
    </ClInclude>
    <ClInclude Include="D:\work\project\CodeMap\external\Vigine\src\statemachine\defaultstatemachine.h">
      <Filter>Header Files</Filter>
    </ClInclude>
    <ClInclude Include="D:\work\project\CodeMap\external\Vigine\include\vigine\taskflow\taskid.h">
      <Filter>Header Files</Filter>
    </ClInclude>
    <ClInclude Include="D:\work\project\CodeMap\external\Vigine\include\vigine\taskflow\resultcode.h">
      <Filter>Header Files</Filter>
    </ClInclude>
    <ClInclude Include="D:\work\project\CodeMap\external\Vigine\include\vigine\taskflow\routemode.h">
      <Filter>Header Files</Filter>
    </ClInclude>
    <ClInclude Include="D:\work\project\CodeMap\external\Vigine\include\vigine\taskflow\itaskflow.h">
      <Filter>Header Files</Filter>
    </ClInclude>
    <ClInclude Include="D:\work\project\CodeMap\external\Vigine\include\vigine\taskflow\abstracttaskflow.h">
      <Filter>Header Files</Filter>
    </ClInclude>
    <ClInclude Include="D:\work\project\CodeMap\external\Vigine\include\vigine\taskflow\factory.h">
      <Filter>Header Files</Filter>
    </ClInclude>
    <ClInclude Include="D:\work\project\CodeMap\external\Vigine\src\taskflow\taskorchestrator.h">
      <Filter>Header Files</Filter>
    </ClInclude>
    <ClInclude Include="D:\work\project\CodeMap\external\Vigine\src\taskflow\defaulttaskflow.h">
      <Filter>Header Files</Filter>
    </ClInclude>
    <ClInclude Include="D:\work\project\CodeMap\external\Vigine\include\vigine\context\contextconfig.h">
      <Filter>Header Files</Filter>
    </ClInclude>
    <ClInclude Include="D:\work\project\CodeMap\external\Vigine\include\vigine\context\abstractcontext.h">
      <Filter>Header Files</Filter>
    </ClInclude>
    <ClInclude Include="D:\work\project\CodeMap\external\Vigine\include\vigine\context\factory.h">
      <Filter>Header Files</Filter>
    </ClInclude>
    <ClInclude Include="D:\work\project\CodeMap\external\Vigine\src\context\defaultcontext.h">
      <Filter>Header Files</Filter>
    </ClInclude>
    <ClInclude Include="D:\work\project\CodeMap\external\Vigine\include\vigine\signalemitter\isignalpayload.h">
      <Filter>Header Files</Filter>
    </ClInclude>
    <ClInclude Include="D:\work\project\CodeMap\external\Vigine\include\vigine\signalemitter\isignalemitter.h">
      <Filter>Header Files</Filter>
    </ClInclude>
    <ClInclude Include="D:\work\project\CodeMap\external\Vigine\include\vigine\signalemitter\abstractsignalemitter.h">
      <Filter>Header Files</Filter>
    </ClInclude>
    <ClInclude Include="D:\work\project\CodeMap\external\Vigine\include\vigine\signalemitter\defaultsignalemitter.h">
      <Filter>Header Files</Filter>
    </ClInclude>
    <ClInclude Include="D:\work\project\CodeMap\external\Vigine\include\vigine\eventscheduler\ossignal.h">
      <Filter>Header Files</Filter>
    </ClInclude>
    <ClInclude Include="D:\work\project\CodeMap\external\Vigine\include\vigine\eventscheduler\eventconfig.h">
      <Filter>Header Files</Filter>
    </ClInclude>
    <ClInclude Include="D:\work\project\CodeMap\external\Vigine\include\vigine\eventscheduler\ieventhandle.h">
      <Filter>Header Files</Filter>
    </ClInclude>
    <ClInclude Include="D:\work\project\CodeMap\external\Vigine\include\vigine\eventscheduler\itimersource.h">
      <Filter>Header Files</Filter>
    </ClInclude>
    <ClInclude Include="D:\work\project\CodeMap\external\Vigine\include\vigine\eventscheduler\iossignalsource.h">
      <Filter>Header Files</Filter>
    </ClInclude>
    <ClInclude Include="D:\work\project\CodeMap\external\Vigine\include\vigine\eventscheduler\ieventscheduler.h">
      <Filter>Header Files</Filter>
    </ClInclude>
    <ClInclude Include="D:\work\project\CodeMap\external\Vigine\include\vigine\eventscheduler\abstracteventscheduler.h">
      <Filter>Header Files</Filter>
    </ClInclude>
    <ClInclude Include="D:\work\project\CodeMap\external\Vigine\include\vigine\eventscheduler\defaulteventscheduler.h">
      <Filter>Header Files</Filter>
    </ClInclude>
    <ClInclude Include="D:\work\project\CodeMap\external\Vigine\src\eventscheduler\itimersource_default.h">
      <Filter>Header Files</Filter>
    </ClInclude>
    <ClInclude Include="D:\work\project\CodeMap\external\Vigine\src\eventscheduler\iossignalsource_win.h">
      <Filter>Header Files</Filter>
    </ClInclude>
    <ClInclude Include="D:\work\project\CodeMap\external\Vigine\include\vigine\topicbus\topicid.h">
      <Filter>Header Files</Filter>
    </ClInclude>
    <ClInclude Include="D:\work\project\CodeMap\external\Vigine\include\vigine\topicbus\itopicbus.h">
      <Filter>Header Files</Filter>
    </ClInclude>
    <ClInclude Include="D:\work\project\CodeMap\external\Vigine\include\vigine\topicbus\abstracttopicbus.h">
      <Filter>Header Files</Filter>
    </ClInclude>
    <ClInclude Include="D:\work\project\CodeMap\external\Vigine\include\vigine\topicbus\defaulttopicbus.h">
      <Filter>Header Files</Filter>
    </ClInclude>
    <ClInclude Include="D:\work\project\CodeMap\external\Vigine\include\vigine\topicbus\factory.h">
      <Filter>Header Files</Filter>
    </ClInclude>
    <ClInclude Include="D:\work\project\CodeMap\external\Vigine\include\vigine\channelfactory\channelkind.h">
      <Filter>Header Files</Filter>
    </ClInclude>
    <ClInclude Include="D:\work\project\CodeMap\external\Vigine\include\vigine\channelfactory\ichannel.h">
      <Filter>Header Files</Filter>
    </ClInclude>
    <ClInclude Include="D:\work\project\CodeMap\external\Vigine\include\vigine\channelfactory\ichannelfactory.h">
      <Filter>Header Files</Filter>
    </ClInclude>
    <ClInclude Include="D:\work\project\CodeMap\external\Vigine\include\vigine\channelfactory\abstractchannelfactory.h">
      <Filter>Header Files</Filter>
    </ClInclude>
    <ClInclude Include="D:\work\project\CodeMap\external\Vigine\include\vigine\channelfactory\defaultchannelfactory.h">
      <Filter>Header Files</Filter>
    </ClInclude>
    <ClInclude Include="D:\work\project\CodeMap\external\Vigine\include\vigine\channelfactory\factory.h">
      <Filter>Header Files</Filter>
    </ClInclude>
    <ClInclude Include="D:\work\project\CodeMap\external\Vigine\src\channelfactory\defaultchannel.h">
      <Filter>Header Files</Filter>
    </ClInclude>
    <ClInclude Include="D:\work\project\CodeMap\external\Vigine\include\vigine\pipelinebuilder\ipipelinestage.h">
      <Filter>Header Files</Filter>
    </ClInclude>
    <ClInclude Include="D:\work\project\CodeMap\external\Vigine\include\vigine\pipelinebuilder\ipipeline.h">
      <Filter>Header Files</Filter>
    </ClInclude>
    <ClInclude Include="D:\work\project\CodeMap\external\Vigine\include\vigine\pipelinebuilder\ipipelinebuilder.h">
      <Filter>Header Files</Filter>
    </ClInclude>
    <ClInclude Include="D:\work\project\CodeMap\external\Vigine\include\vigine\pipelinebuilder\abstractpipelinebuilder.h">
      <Filter>Header Files</Filter>
    </ClInclude>
    <ClInclude Include="D:\work\project\CodeMap\external\Vigine\include\vigine\pipelinebuilder\defaultpipelinebuilder.h">
      <Filter>Header Files</Filter>
    </ClInclude>
    <ClInclude Include="D:\work\project\CodeMap\external\Vigine\include\vigine\pipelinebuilder\factory.h">
      <Filter>Header Files</Filter>
    </ClInclude>
    <ClInclude Include="D:\work\project\CodeMap\external\Vigine\include\vigine\ecs\platform\windowsystem.h">
      <Filter>Header Files</Filter>
    </ClInclude>
    <ClInclude Include="D:\work\project\CodeMap\external\Vigine\src\ecs\platform\windowcomponent.h">
      <Filter>Header Files</Filter>
    </ClInclude>
    <ClInclude Include="D:\work\project\CodeMap\external\Vigine\src\ecs\platform\windoweventdispatcher.h">
      <Filter>Header Files</Filter>
    </ClInclude>
    <ClInclude Include="D:\work\project\CodeMap\external\Vigine\src\ecs\platform\winapicomponent.h">
      <Filter>Header Files</Filter>
    </ClInclude>
    <ClInclude Include="D:\work\project\CodeMap\external\Vigine\include\vigine\base\name.h">
      <Filter>Header Files</Filter>
    </ClInclude>
    <ClInclude Include="D:\work\project\CodeMap\external\Vigine\include\vigine\base\password.h">
      <Filter>Header Files</Filter>
    </ClInclude>
    <ClInclude Include="D:\work\project\CodeMap\external\Vigine\include\vigine\base\macros.h">
      <Filter>Header Files</Filter>
    </ClInclude>
    <ClInclude Include="D:\work\project\CodeMap\external\Vigine\include\vigine\base\info.h">
      <Filter>Header Files</Filter>
    </ClInclude>
  </ItemGroup>
  <ItemGroup>
    <CustomBuild Include="D:\work\project\CodeMap\external\Vigine\CMakeLists.txt" />
  </ItemGroup>
  <ItemGroup>
    <Filter Include="Header Files">
      <UniqueIdentifier>{2BECD67A-4C16-3B6E-AFA3-82D2846EE80F}</UniqueIdentifier>
    </Filter>
    <Filter Include="Source Files">
      <UniqueIdentifier>{54CA41D8-0482-356E-A246-2C82F29BDFFB}</UniqueIdentifier>
    </Filter>
  </ItemGroup>
</Project>
