<?xml version="1.0" encoding="utf-8"?>
<Project ToolsVersion="18.0" xmlns="http://schemas.microsoft.com/developer/msbuild/2003">
  <ItemGroup>
    <ClCompile Include="D:\work\project\CodeMap\external\Vigine\test\graph\contract_igraph.cpp">
      <Filter>Source Files</Filter>
    </ClCompile>
    <ClCompile Include="D:\work\project\CodeMap\external\Vigine\test\graph\contract_inode.cpp">
      <Filter>Source Files</Filter>
    </ClCompile>
    <ClCompile Include="D:\work\project\CodeMap\external\Vigine\test\graph\contract_iedge.cpp">
      <Filter>Source Files</Filter>
    </ClCompile>
    <ClCompile Include="D:\work\project\CodeMap\external\Vigine\test\graph\contract_traversal.cpp">
      <Filter>Source Files</Filter>
    </ClCompile>
    <ClCompile Include="D:\work\project\CodeMap\external\Vigine\test\graph\contract_query.cpp">
      <Filter>Source Files</Filter>
    </ClCompile>
    <ClCompile Include="D:\work\project\CodeMap\external\Vigine\test\graph\contract_generational_id.cpp">
      <Filter>Source Files</Filter>
    </ClCompile>
    <ClCompile Include="D:\work\project\CodeMap\external\Vigine\test\graph\contract_hsm_bubble.cpp">
      <Filter>Source Files</Filter>
    </ClCompile>
    <ClCompile Include="D:\work\project\CodeMap\external\Vigine\test\graph\contract_fanout.cpp">
      <Filter>Source Files</Filter>
    </ClCompile>
    <ClCompile Include="D:\work\project\CodeMap\external\Vigine\test\graph\contract_async_timeout.cpp">
      <Filter>Source Files</Filter>
    </ClCompile>
    <ClCompile Include="D:\work\project\CodeMap\external\Vigine\test\graph\contract_result_deferred.cpp">
      <Filter>Source Files</Filter>
    </ClCompile>
  </ItemGroup>
  <ItemGroup>
    <CustomBuild Include="D:\work\project\CodeMap\external\Vigine\test\CMakeLists.txt" />
  </ItemGroup>
  <ItemGroup>
    <Filter Include="Source Files">
      <UniqueIdentifier>{DD75281C-BB26-3879-8AF9-FAB4E9DC11FE}</UniqueIdentifier>
    </Filter>
  </ItemGroup>
</Project>
