<?xml version="1.0" encoding="utf-8"?>
<Project ToolsVersion="18.0" xmlns="http://schemas.microsoft.com/developer/msbuild/2003">
  <ItemGroup>
    <ClCompile Include="D:\work\project\CodeMap\external\Vigine\test\test_vigine.cpp">
      <Filter>Source Files</Filter>
    </ClCompile>
    <ClCompile Include="D:\work\project\CodeMap\external\Vigine\test\component\ComponentManagerTest.cpp">
      <Filter>Source Files</Filter>
    </ClCompile>
    <ClCompile Include="D:\work\project\CodeMap\external\Vigine\test\EntityTest.cpp">
      <Filter>Source Files</Filter>
    </ClCompile>
    <ClCompile Include="D:\work\project\CodeMap\external\Vigine\test\architecture\ArchitectureTest.cpp">
      <Filter>Source Files</Filter>
    </ClCompile>
    <ClCompile Include="D:\work\project\CodeMap\external\Vigine\test\architecture\StateMachineTest.cpp">
      <Filter>Source Files</Filter>
    </ClCompile>
    <ClCompile Include="D:\work\project\CodeMap\external\Vigine\test\architecture\TaskFlowTest.cpp">
      <Filter>Source Files</Filter>
    </ClCompile>
    <ClCompile Include="D:\work\project\CodeMap\external\Vigine\test\architecture\AbstractTaskTest.cpp">
      <Filter>Source Files</Filter>
    </ClCompile>
    <ClCompile Include="D:\work\project\CodeMap\external\Vigine\test\architecture\AbstractServiceTest.cpp">
      <Filter>Source Files</Filter>
    </ClCompile>
    <ClCompile Include="D:\work\project\CodeMap\external\Vigine\test\architecture\AbstractStateTest.cpp">
      <Filter>Source Files</Filter>
    </ClCompile>
    <ClCompile Include="D:\work\project\CodeMap\external\Vigine\test\architecture\ecs\AbstractSystemTest.cpp">
      <Filter>Source Files</Filter>
    </ClCompile>
    <ClCompile Include="D:\work\project\CodeMap\external\Vigine\test\architecture\ecs\AbstractComponentTest.cpp">
      <Filter>Source Files</Filter>
    </ClCompile>
    <ClCompile Include="D:\work\project\CodeMap\external\Vigine\test\architecture\ecs\AbstractEntityTest.cpp">
      <Filter>Source Files</Filter>
    </ClCompile>
    <ClCompile Include="D:\work\project\CodeMap\external\Vigine\test\graph\smoke_test.cpp">
      <Filter>Source Files</Filter>
    </ClCompile>
  </ItemGroup>
  <ItemGroup>
    <CustomBuild Include="D:\work\project\CodeMap\external\Vigine\test\CMakeLists.txt" />
  </ItemGroup>
  <ItemGroup>
    <Filter Include="Source Files">
      <UniqueIdentifier>{1C0EB940-D6E4-3639-B1FF-ABE004ABDC3C}</UniqueIdentifier>
    </Filter>
  </ItemGroup>
</Project>
