
Microsoft Visual Studio Solution File, Format Version 12.00
# Visual Studio Version 18
Project("{8BC9CEB8-8B4A-11D0-8D11-00A0C91BC942}") = "ALL_BUILD", "ALL_BUILD.vcxproj", "{91BA17B3-A7C3-3C79-898C-0A31367F0E26}"
	ProjectSection(ProjectDependencies) = postProject
		{AD74656A-943A-3FD7-9236-8450FF29272D} = {AD74656A-943A-3FD7-9236-8450FF29272D}
		{31C9D6B6-D208-3A4C-89BC-E690B486CA68} = {31C9D6B6-D208-3A4C-89BC-E690B486CA68}
		{54926809-C753-37F8-A248-F257D8E3DCD8} = {54926809-C753-37F8-A248-F257D8E3DCD8}
		{32AA72E5-4185-3BA3-A551-2187A77F6462} = {32AA72E5-4185-3BA3-A551-2187A77F6462}
		{560313CC-A12A-30DD-8BEA-CAF47CBCDD76} = {560313CC-A12A-30DD-8BEA-CAF47CBCDD76}
		{A597ABA6-52B9-34F5-803E-EE96D05E0AEE} = {A597ABA6-52B9-34F5-803E-EE96D05E0AEE}
		{964EBCD1-0A82-3F62-B688-FCA504E5CE20} = {964EBCD1-0A82-3F62-B688-FCA504E5CE20}
		{BEA7A5FC-679C-3A53-99A4-8547B7F7E4CE} = {BEA7A5FC-679C-3A53-99A4-8547B7F7E4CE}
		{A4871178-5E99-3773-99C2-AD58C402426A} = {A4871178-5E99-3773-99C2-AD58C402426A}
		{DD4EF5C0-9C5A-3BA1-A8A9-95E08F75C91B} = {DD4EF5C0-9C5A-3BA1-A8A9-95E08F75C91B}
		{0E02A5EF-AF28-353B-8B9F-6DEA7101C448} = {0E02A5EF-AF28-353B-8B9F-6DEA7101C448}
		{E9171D57-BA8C-36B8-A0C1-99A04DDEAB85} = {E9171D57-BA8C-36B8-A0C1-99A04DDEAB85}
		{355D8CEF-AFC6-368B-AC57-2F5A8242E68D} = {355D8CEF-AFC6-368B-AC57-2F5A8242E68D}
		{768B43D9-3152-3DBE-B84F-81A5ABA104CE} = {768B43D9-3152-3DBE-B84F-81A5ABA104CE}
		{B39411E9-90F1-3DEA-8EF6-E1BCF82319AF} = {B39411E9-90F1-3DEA-8EF6-E1BCF82319AF}
		{02F79699-06FE-3D4A-9BC2-84BBD728B912} = {02F79699-06FE-3D4A-9BC2-84BBD728B912}
		{F23BB953-1B33-36FF-B419-2FC803FDF4B5} = {F23BB953-1B33-36FF-B419-2FC803FDF4B5}
	EndProjectSection
EndProject
Project("{8BC9CEB8-8B4A-11D0-8D11-00A0C91BC942}") = "INSTALL", "INSTALL.vcxproj", "{D3402B20-DB17-3CD3-A2C0-6927A07C3C2B}"
	ProjectSection(ProjectDependencies) = postProject
		{91BA17B3-A7C3-3C79-898C-0A31367F0E26} = {91BA17B3-A7C3-3C79-898C-0A31367F0E26}
		{AD74656A-943A-3FD7-9236-8450FF29272D} = {AD74656A-943A-3FD7-9236-8450FF29272D}
	EndProjectSection
EndProject
Project("{8BC9CEB8-8B4A-11D0-8D11-00A0C91BC942}") = "PACKAGE", "PACKAGE.vcxproj", "{9403F8FB-7D90-3583-92D5-4DC16FB85EFC}"
	ProjectSection(ProjectDependencies) = postProject
		{91BA17B3-A7C3-3C79-898C-0A31367F0E26} = {91BA17B3-A7C3-3C79-898C-0A31367F0E26}
		{AD74656A-943A-3FD7-9236-8450FF29272D} = {AD74656A-943A-3FD7-9236-8450FF29272D}
	EndProjectSection
EndProject
Project("{8BC9CEB8-8B4A-11D0-8D11-00A0C91BC942}") = "RUN_TESTS", "RUN_TESTS.vcxproj", "{5D38152F-A45F-36C8-AC36-DF9130811274}"
	ProjectSection(ProjectDependencies) = postProject
		{AD74656A-943A-3FD7-9236-8450FF29272D} = {AD74656A-943A-3FD7-9236-8450FF29272D}
	EndProjectSection
EndProject
Project("{8BC9CEB8-8B4A-11D0-8D11-00A0C91BC942}") = "ZERO_CHECK", "..\\ZERO_CHECK.vcxproj", "{AD74656A-943A-3FD7-9236-8450FF29272D}"
	ProjectSection(ProjectDependencies) = postProject
	EndProjectSection
EndProject
Project("{8BC9CEB8-8B4A-11D0-8D11-00A0C91BC942}") = "actorhost-smoke", "actorhost-smoke.vcxproj", "{31C9D6B6-D208-3A4C-89BC-E690B486CA68}"
	ProjectSection(ProjectDependencies) = postProject
		{AD74656A-943A-3FD7-9236-8450FF29272D} = {AD74656A-943A-3FD7-9236-8450FF29272D}
		{E03B4F3F-F370-383E-815E-4C5283F78460} = {E03B4F3F-F370-383E-815E-4C5283F78460}
		{30972BB1-60AF-3CA5-9E72-9A409D77A79D} = {30972BB1-60AF-3CA5-9E72-9A409D77A79D}
		{A4871178-5E99-3773-99C2-AD58C402426A} = {A4871178-5E99-3773-99C2-AD58C402426A}
		{DD4EF5C0-9C5A-3BA1-A8A9-95E08F75C91B} = {DD4EF5C0-9C5A-3BA1-A8A9-95E08F75C91B}
		{FC9641FC-E64B-3AD2-AB56-E224104E6F58} = {FC9641FC-E64B-3AD2-AB56-E224104E6F58}
	EndProjectSection
EndProject
Project("{8BC9CEB8-8B4A-11D0-8D11-00A0C91BC942}") = "channelfactory-smoke", "channelfactory-smoke.vcxproj", "{54926809-C753-37F8-A248-F257D8E3DCD8}"
	ProjectSection(ProjectDependencies) = postProject
		{AD74656A-943A-3FD7-9236-8450FF29272D} = {AD74656A-943A-3FD7-9236-8450FF29272D}
		{E03B4F3F-F370-383E-815E-4C5283F78460} = {E03B4F3F-F370-383E-815E-4C5283F78460}
		{30972BB1-60AF-3CA5-9E72-9A409D77A79D} = {30972BB1-60AF-3CA5-9E72-9A409D77A79D}
		{A4871178-5E99-3773-99C2-AD58C402426A} = {A4871178-5E99-3773-99C2-AD58C402426A}
		{DD4EF5C0-9C5A-3BA1-A8A9-95E08F75C91B} = {DD4EF5C0-9C5A-3BA1-A8A9-95E08F75C91B}
		{FC9641FC-E64B-3AD2-AB56-E224104E6F58} = {FC9641FC-E64B-3AD2-AB56-E224104E6F58}
	EndProjectSection
EndProject
Project("{8BC9CEB8-8B4A-11D0-8D11-00A0C91BC942}") = "engine-smoke", "engine-smoke.vcxproj", "{32AA72E5-4185-3BA3-A551-2187A77F6462}"
	ProjectSection(ProjectDependencies) = postProject
		{AD74656A-943A-3FD7-9236-8450FF29272D} = {AD74656A-943A-3FD7-9236-8450FF29272D}
		{E03B4F3F-F370-383E-815E-4C5283F78460} = {E03B4F3F-F370-383E-815E-4C5283F78460}
		{30972BB1-60AF-3CA5-9E72-9A409D77A79D} = {30972BB1-60AF-3CA5-9E72-9A409D77A79D}
		{A4871178-5E99-3773-99C2-AD58C402426A} = {A4871178-5E99-3773-99C2-AD58C402426A}
		{DD4EF5C0-9C5A-3BA1-A8A9-95E08F75C91B} = {DD4EF5C0-9C5A-3BA1-A8A9-95E08F75C91B}
		{FC9641FC-E64B-3AD2-AB56-E224104E6F58} = {FC9641FC-E64B-3AD2-AB56-E224104E6F58}
	EndProjectSection
EndProject
Project("{8BC9CEB8-8B4A-11D0-8D11-00A0C91BC942}") = "eventscheduler-smoke", "eventscheduler-smoke.vcxproj", "{560313CC-A12A-30DD-8BEA-CAF47CBCDD76}"
	ProjectSection(ProjectDependencies) = postProject
		{AD74656A-943A-3FD7-9236-8450FF29272D} = {AD74656A-943A-3FD7-9236-8450FF29272D}
		{E03B4F3F-F370-383E-815E-4C5283F78460} = {E03B4F3F-F370-383E-815E-4C5283F78460}
		{30972BB1-60AF-3CA5-9E72-9A409D77A79D} = {30972BB1-60AF-3CA5-9E72-9A409D77A79D}
		{A4871178-5E99-3773-99C2-AD58C402426A} = {A4871178-5E99-3773-99C2-AD58C402426A}
		{DD4EF5C0-9C5A-3BA1-A8A9-95E08F75C91B} = {DD4EF5C0-9C5A-3BA1-A8A9-95E08F75C91B}
		{FC9641FC-E64B-3AD2-AB56-E224104E6F58} = {FC9641FC-E64B-3AD2-AB56-E224104E6F58}
	EndProjectSection
EndProject
Project("{8BC9CEB8-8B4A-11D0-8D11-00A0C91BC942}") = "freetype", "..\external\freetype\freetype.vcxproj", "{E03B4F3F-F370-383E-815E-4C5283F78460}"
	ProjectSection(ProjectDependencies) = postProject
		{AD74656A-943A-3FD7-9236-8450FF29272D} = {AD74656A-943A-3FD7-9236-8450FF29272D}
	EndProjectSection
EndProject
Project("{8BC9CEB8-8B4A-11D0-8D11-00A0C91BC942}") = "glm", "..\_deps\glm\glm\glm.vcxproj", "{30972BB1-60AF-3CA5-9E72-9A409D77A79D}"
	ProjectSection(ProjectDependencies) = postProject
		{AD74656A-943A-3FD7-9236-8450FF29272D} = {AD74656A-943A-3FD7-9236-8450FF29272D}
	EndProjectSection
EndProject
Project("{8BC9CEB8-8B4A-11D0-8D11-00A0C91BC942}") = "gmock", "..\googletest\googlemock\gmock.vcxproj", "{A597ABA6-52B9-34F5-803E-EE96D05E0AEE}"
	ProjectSection(ProjectDependencies) = postProject
		{AD74656A-943A-3FD7-9236-8450FF29272D} = {AD74656A-943A-3FD7-9236-8450FF29272D}
	EndProjectSection
EndProject
Project("{8BC9CEB8-8B4A-11D0-8D11-00A0C91BC942}") = "gmock_main", "..\googletest\googlemock\gmock_main.vcxproj", "{964EBCD1-0A82-3F62-B688-FCA504E5CE20}"
	ProjectSection(ProjectDependencies) = postProject
		{AD74656A-943A-3FD7-9236-8450FF29272D} = {AD74656A-943A-3FD7-9236-8450FF29272D}
	EndProjectSection
EndProject
Project("{8BC9CEB8-8B4A-11D0-8D11-00A0C91BC942}") = "graph-contract", "graph-contract.vcxproj", "{BEA7A5FC-679C-3A53-99A4-8547B7F7E4CE}"
	ProjectSection(ProjectDependencies) = postProject
		{AD74656A-943A-3FD7-9236-8450FF29272D} = {AD74656A-943A-3FD7-9236-8450FF29272D}
		{E03B4F3F-F370-383E-815E-4C5283F78460} = {E03B4F3F-F370-383E-815E-4C5283F78460}
		{30972BB1-60AF-3CA5-9E72-9A409D77A79D} = {30972BB1-60AF-3CA5-9E72-9A409D77A79D}
		{A4871178-5E99-3773-99C2-AD58C402426A} = {A4871178-5E99-3773-99C2-AD58C402426A}
		{DD4EF5C0-9C5A-3BA1-A8A9-95E08F75C91B} = {DD4EF5C0-9C5A-3BA1-A8A9-95E08F75C91B}
		{FC9641FC-E64B-3AD2-AB56-E224104E6F58} = {FC9641FC-E64B-3AD2-AB56-E224104E6F58}
	EndProjectSection
EndProject
Project("{8BC9CEB8-8B4A-11D0-8D11-00A0C91BC942}") = "gtest", "..\googletest\googletest\gtest.vcxproj", "{A4871178-5E99-3773-99C2-AD58C402426A}"
	ProjectSection(ProjectDependencies) = postProject
		{AD74656A-943A-3FD7-9236-8450FF29272D} = {AD74656A-943A-3FD7-9236-8450FF29272D}
	EndProjectSection
EndProject
Project("{8BC9CEB8-8B4A-11D0-8D11-00A0C91BC942}") = "gtest_main", "..\googletest\googletest\gtest_main.vcxproj", "{DD4EF5C0-9C5A-3BA1-A8A9-95E08F75C91B}"
	ProjectSection(ProjectDependencies) = postProject
		{AD74656A-943A-3FD7-9236-8450FF29272D} = {AD74656A-943A-3FD7-9236-8450FF29272D}
		{A4871178-5E99-3773-99C2-AD58C402426A} = {A4871178-5E99-3773-99C2-AD58C402426A}
	EndProjectSection
EndProject
Project("{8BC9CEB8-8B4A-11D0-8D11-00A0C91BC942}") = "messaging-smoke", "messaging-smoke.vcxproj", "{0E02A5EF-AF28-353B-8B9F-6DEA7101C448}"
	ProjectSection(ProjectDependencies) = postProject
		{AD74656A-943A-3FD7-9236-8450FF29272D} = {AD74656A-943A-3FD7-9236-8450FF29272D}
		{E03B4F3F-F370-383E-815E-4C5283F78460} = {E03B4F3F-F370-383E-815E-4C5283F78460}
		{30972BB1-60AF-3CA5-9E72-9A409D77A79D} = {30972BB1-60AF-3CA5-9E72-9A409D77A79D}
		{A4871178-5E99-3773-99C2-AD58C402426A} = {A4871178-5E99-3773-99C2-AD58C402426A}
		{DD4EF5C0-9C5A-3BA1-A8A9-95E08F75C91B} = {DD4EF5C0-9C5A-3BA1-A8A9-95E08F75C91B}
		{FC9641FC-E64B-3AD2-AB56-E224104E6F58} = {FC9641FC-E64B-3AD2-AB56-E224104E6F58}
	EndProjectSection
EndProject
Project("{8BC9CEB8-8B4A-11D0-8D11-00A0C91BC942}") = "payload-smoke", "payload-smoke.vcxproj", "{E9171D57-BA8C-36B8-A0C1-99A04DDEAB85}"
	ProjectSection(ProjectDependencies) = postProject
		{AD74656A-943A-3FD7-9236-8450FF29272D} = {AD74656A-943A-3FD7-9236-8450FF29272D}
		{E03B4F3F-F370-383E-815E-4C5283F78460} = {E03B4F3F-F370-383E-815E-4C5283F78460}
		{30972BB1-60AF-3CA5-9E72-9A409D77A79D} = {30972BB1-60AF-3CA5-9E72-9A409D77A79D}
		{A4871178-5E99-3773-99C2-AD58C402426A} = {A4871178-5E99-3773-99C2-AD58C402426A}
		{DD4EF5C0-9C5A-3BA1-A8A9-95E08F75C91B} = {DD4EF5C0-9C5A-3BA1-A8A9-95E08F75C91B}
		{FC9641FC-E64B-3AD2-AB56-E224104E6F58} = {FC9641FC-E64B-3AD2-AB56-E224104E6F58}
	EndProjectSection
EndProject
Project("{8BC9CEB8-8B4A-11D0-8D11-00A0C91BC942}") = "pipelinebuilder-smoke", "pipelinebuilder-smoke.vcxproj", "{355D8CEF-AFC6-368B-AC57-2F5A8242E68D}"
	ProjectSection(ProjectDependencies) = postProject
		{AD74656A-943A-3FD7-9236-8450FF29272D} = {AD74656A-943A-3FD7-9236-8450FF29272D}
		{E03B4F3F-F370-383E-815E-4C5283F78460} = {E03B4F3F-F370-383E-815E-4C5283F78460}
		{30972BB1-60AF-3CA5-9E72-9A409D77A79D} = {30972BB1-60AF-3CA5-9E72-9A409D77A79D}
		{A4871178-5E99-3773-99C2-AD58C402426A} = {A4871178-5E99-3773-99C2-AD58C402426A}
		{DD4EF5C0-9C5A-3BA1-A8A9-95E08F75C91B} = {DD4EF5C0-9C5A-3BA1-A8A9-95E08F75C91B}
		{FC9641FC-E64B-3AD2-AB56-E224104E6F58} = {FC9641FC-E64B-3AD2-AB56-E224104E6F58}
	EndProjectSection
EndProject
Project("{8BC9CEB8-8B4A-11D0-8D11-00A0C91BC942}") = "reactivestream-smoke", "reactivestream-smoke.vcxproj", "{768B43D9-3152-3DBE-B84F-81A5ABA104CE}"
	ProjectSection(ProjectDependencies) = postProject
		{AD74656A-943A-3FD7-9236-8450FF29272D} = {AD74656A-943A-3FD7-9236-8450FF29272D}
		{E03B4F3F-F370-383E-815E-4C5283F78460} = {E03B4F3F-F370-383E-815E-4C5283F78460}
		{30972BB1-60AF-3CA5-9E72-9A409D77A79D} = {30972BB1-60AF-3CA5-9E72-9A409D77A79D}
		{A4871178-5E99-3773-99C2-AD58C402426A} = {A4871178-5E99-3773-99C2-AD58C402426A}
		{DD4EF5C0-9C5A-3BA1-A8A9-95E08F75C91B} = {DD4EF5C0-9C5A-3BA1-A8A9-95E08F75C91B}
		{FC9641FC-E64B-3AD2-AB56-E224104E6F58} = {FC9641FC-E64B-3AD2-AB56-E224104E6F58}
	EndProjectSection
EndProject
Project("{8BC9CEB8-8B4A-11D0-8D11-00A0C91BC942}") = "requestbus-smoke", "requestbus-smoke.vcxproj", "{B39411E9-90F1-3DEA-8EF6-E1BCF82319AF}"
	ProjectSection(ProjectDependencies) = postProject
		{AD74656A-943A-3FD7-9236-8450FF29272D} = {AD74656A-943A-3FD7-9236-8450FF29272D}
		{E03B4F3F-F370-383E-815E-4C5283F78460} = {E03B4F3F-F370-383E-815E-4C5283F78460}
		{30972BB1-60AF-3CA5-9E72-9A409D77A79D} = {30972BB1-60AF-3CA5-9E72-9A409D77A79D}
		{A4871178-5E99-3773-99C2-AD58C402426A} = {A4871178-5E99-3773-99C2-AD58C402426A}
		{DD4EF5C0-9C5A-3BA1-A8A9-95E08F75C91B} = {DD4EF5C0-9C5A-3BA1-A8A9-95E08F75C91B}
		{FC9641FC-E64B-3AD2-AB56-E224104E6F58} = {FC9641FC-E64B-3AD2-AB56-E224104E6F58}
	EndProjectSection
EndProject
Project("{8BC9CEB8-8B4A-11D0-8D11-00A0C91BC942}") = "topicbus-smoke", "topicbus-smoke.vcxproj", "{02F79699-06FE-3D4A-9BC2-84BBD728B912}"
	ProjectSection(ProjectDependencies) = postProject
		{AD74656A-943A-3FD7-9236-8450FF29272D} = {AD74656A-943A-3FD7-9236-8450FF29272D}
		{E03B4F3F-F370-383E-815E-4C5283F78460} = {E03B4F3F-F370-383E-815E-4C5283F78460}
		{30972BB1-60AF-3CA5-9E72-9A409D77A79D} = {30972BB1-60AF-3CA5-9E72-9A409D77A79D}
		{A4871178-5E99-3773-99C2-AD58C402426A} = {A4871178-5E99-3773-99C2-AD58C402426A}
		{DD4EF5C0-9C5A-3BA1-A8A9-95E08F75C91B} = {DD4EF5C0-9C5A-3BA1-A8A9-95E08F75C91B}
		{FC9641FC-E64B-3AD2-AB56-E224104E6F58} = {FC9641FC-E64B-3AD2-AB56-E224104E6F58}
	EndProjectSection
EndProject
Project("{8BC9CEB8-8B4A-11D0-8D11-00A0C91BC942}") = "unittest", "unittest.vcxproj", "{F23BB953-1B33-36FF-B419-2FC803FDF4B5}"
	ProjectSection(ProjectDependencies) = postProject
		{AD74656A-943A-3FD7-9236-8450FF29272D} = {AD74656A-943A-3FD7-9236-8450FF29272D}
		{E03B4F3F-F370-383E-815E-4C5283F78460} = {E03B4F3F-F370-383E-815E-4C5283F78460}
		{30972BB1-60AF-3CA5-9E72-9A409D77A79D} = {30972BB1-60AF-3CA5-9E72-9A409D77A79D}
		{A4871178-5E99-3773-99C2-AD58C402426A} = {A4871178-5E99-3773-99C2-AD58C402426A}
		{DD4EF5C0-9C5A-3BA1-A8A9-95E08F75C91B} = {DD4EF5C0-9C5A-3BA1-A8A9-95E08F75C91B}
		{FC9641FC-E64B-3AD2-AB56-E224104E6F58} = {FC9641FC-E64B-3AD2-AB56-E224104E6F58}
	EndProjectSection
EndProject
Project("{8BC9CEB8-8B4A-11D0-8D11-00A0C91BC942}") = "vigine", "..\\vigine.vcxproj", "{FC9641FC-E64B-3AD2-AB56-E224104E6F58}"
	ProjectSection(ProjectDependencies) = postProject
		{AD74656A-943A-3FD7-9236-8450FF29272D} = {AD74656A-943A-3FD7-9236-8450FF29272D}
		{E03B4F3F-F370-383E-815E-4C5283F78460} = {E03B4F3F-F370-383E-815E-4C5283F78460}
		{30972BB1-60AF-3CA5-9E72-9A409D77A79D} = {30972BB1-60AF-3CA5-9E72-9A409D77A79D}
	EndProjectSection
EndProject
Global
	GlobalSection(SolutionConfigurationPlatforms) = preSolution
		Debug|x64 = Debug|x64
		Release|x64 = Release|x64
		MinSizeRel|x64 = MinSizeRel|x64
		RelWithDebInfo|x64 = RelWithDebInfo|x64
	EndGlobalSection
	GlobalSection(ProjectConfigurationPlatforms) = postSolution
		{91BA17B3-A7C3-3C79-898C-0A31367F0E26}.Debug|x64.ActiveCfg = Debug|x64
		{91BA17B3-A7C3-3C79-898C-0A31367F0E26}.Debug|x64.Build.0 = Debug|x64
		{91BA17B3-A7C3-3C79-898C-0A31367F0E26}.Release|x64.ActiveCfg = Release|x64
		{91BA17B3-A7C3-3C79-898C-0A31367F0E26}.Release|x64.Build.0 = Release|x64
		{91BA17B3-A7C3-3C79-898C-0A31367F0E26}.MinSizeRel|x64.ActiveCfg = MinSizeRel|x64
		{91BA17B3-A7C3-3C79-898C-0A31367F0E26}.MinSizeRel|x64.Build.0 = MinSizeRel|x64
		{91BA17B3-A7C3-3C79-898C-0A31367F0E26}.RelWithDebInfo|x64.ActiveCfg = RelWithDebInfo|x64
		{91BA17B3-A7C3-3C79-898C-0A31367F0E26}.RelWithDebInfo|x64.Build.0 = RelWithDebInfo|x64
		{D3402B20-DB17-3CD3-A2C0-6927A07C3C2B}.Debug|x64.ActiveCfg = Debug|x64
		{D3402B20-DB17-3CD3-A2C0-6927A07C3C2B}.Release|x64.ActiveCfg = Release|x64
		{D3402B20-DB17-3CD3-A2C0-6927A07C3C2B}.MinSizeRel|x64.ActiveCfg = MinSizeRel|x64
		{D3402B20-DB17-3CD3-A2C0-6927A07C3C2B}.RelWithDebInfo|x64.ActiveCfg = RelWithDebInfo|x64
		{9403F8FB-7D90-3583-92D5-4DC16FB85EFC}.Debug|x64.ActiveCfg = Debug|x64
		{9403F8FB-7D90-3583-92D5-4DC16FB85EFC}.Release|x64.ActiveCfg = Release|x64
		{9403F8FB-7D90-3583-92D5-4DC16FB85EFC}.MinSizeRel|x64.ActiveCfg = MinSizeRel|x64
		{9403F8FB-7D90-3583-92D5-4DC16FB85EFC}.RelWithDebInfo|x64.ActiveCfg = RelWithDebInfo|x64
		{5D38152F-A45F-36C8-AC36-DF9130811274}.Debug|x64.ActiveCfg = Debug|x64
		{5D38152F-A45F-36C8-AC36-DF9130811274}.Release|x64.ActiveCfg = Release|x64
		{5D38152F-A45F-36C8-AC36-DF9130811274}.MinSizeRel|x64.ActiveCfg = MinSizeRel|x64
		{5D38152F-A45F-36C8-AC36-DF9130811274}.RelWithDebInfo|x64.ActiveCfg = RelWithDebInfo|x64
		{AD74656A-943A-3FD7-9236-8450FF29272D}.Debug|x64.ActiveCfg = Debug|x64
		{AD74656A-943A-3FD7-9236-8450FF29272D}.Debug|x64.Build.0 = Debug|x64
		{AD74656A-943A-3FD7-9236-8450FF29272D}.Release|x64.ActiveCfg = Release|x64
		{AD74656A-943A-3FD7-9236-8450FF29272D}.Release|x64.Build.0 = Release|x64
		{AD74656A-943A-3FD7-9236-8450FF29272D}.MinSizeRel|x64.ActiveCfg = MinSizeRel|x64
		{AD74656A-943A-3FD7-9236-8450FF29272D}.MinSizeRel|x64.Build.0 = MinSizeRel|x64
		{AD74656A-943A-3FD7-9236-8450FF29272D}.RelWithDebInfo|x64.ActiveCfg = RelWithDebInfo|x64
		{AD74656A-943A-3FD7-9236-8450FF29272D}.RelWithDebInfo|x64.Build.0 = RelWithDebInfo|x64
		{31C9D6B6-D208-3A4C-89BC-E690B486CA68}.Debug|x64.ActiveCfg = Debug|x64
		{31C9D6B6-D208-3A4C-89BC-E690B486CA68}.Debug|x64.Build.0 = Debug|x64
		{31C9D6B6-D208-3A4C-89BC-E690B486CA68}.Release|x64.ActiveCfg = Release|x64
		{31C9D6B6-D208-3A4C-89BC-E690B486CA68}.Release|x64.Build.0 = Release|x64
		{31C9D6B6-D208-3A4C-89BC-E690B486CA68}.MinSizeRel|x64.ActiveCfg = MinSizeRel|x64
		{31C9D6B6-D208-3A4C-89BC-E690B486CA68}.MinSizeRel|x64.Build.0 = MinSizeRel|x64
		{31C9D6B6-D208-3A4C-89BC-E690B486CA68}.RelWithDebInfo|x64.ActiveCfg = RelWithDebInfo|x64
		{31C9D6B6-D208-3A4C-89BC-E690B486CA68}.RelWithDebInfo|x64.Build.0 = RelWithDebInfo|x64
		{54926809-C753-37F8-A248-F257D8E3DCD8}.Debug|x64.ActiveCfg = Debug|x64
		{54926809-C753-37F8-A248-F257D8E3DCD8}.Debug|x64.Build.0 = Debug|x64
		{54926809-C753-37F8-A248-F257D8E3DCD8}.Release|x64.ActiveCfg = Release|x64
		{54926809-C753-37F8-A248-F257D8E3DCD8}.Release|x64.Build.0 = Release|x64
		{54926809-C753-37F8-A248-F257D8E3DCD8}.MinSizeRel|x64.ActiveCfg = MinSizeRel|x64
		{54926809-C753-37F8-A248-F257D8E3DCD8}.MinSizeRel|x64.Build.0 = MinSizeRel|x64
		{54926809-C753-37F8-A248-F257D8E3DCD8}.RelWithDebInfo|x64.ActiveCfg = RelWithDebInfo|x64
		{54926809-C753-37F8-A248-F257D8E3DCD8}.RelWithDebInfo|x64.Build.0 = RelWithDebInfo|x64
		{32AA72E5-4185-3BA3-A551-2187A77F6462}.Debug|x64.ActiveCfg = Debug|x64
		{32AA72E5-4185-3BA3-A551-2187A77F6462}.Debug|x64.Build.0 = Debug|x64
		{32AA72E5-4185-3BA3-A551-2187A77F6462}.Release|x64.ActiveCfg = Release|x64
		{32AA72E5-4185-3BA3-A551-2187A77F6462}.Release|x64.Build.0 = Release|x64
		{32AA72E5-4185-3BA3-A551-2187A77F6462}.MinSizeRel|x64.ActiveCfg = MinSizeRel|x64
		{32AA72E5-4185-3BA3-A551-2187A77F6462}.MinSizeRel|x64.Build.0 = MinSizeRel|x64
		{32AA72E5-4185-3BA3-A551-2187A77F6462}.RelWithDebInfo|x64.ActiveCfg = RelWithDebInfo|x64
		{32AA72E5-4185-3BA3-A551-2187A77F6462}.RelWithDebInfo|x64.Build.0 = RelWithDebInfo|x64
		{560313CC-A12A-30DD-8BEA-CAF47CBCDD76}.Debug|x64.ActiveCfg = Debug|x64
		{560313CC-A12A-30DD-8BEA-CAF47CBCDD76}.Debug|x64.Build.0 = Debug|x64
		{560313CC-A12A-30DD-8BEA-CAF47CBCDD76}.Release|x64.ActiveCfg = Release|x64
		{560313CC-A12A-30DD-8BEA-CAF47CBCDD76}.Release|x64.Build.0 = Release|x64
		{560313CC-A12A-30DD-8BEA-CAF47CBCDD76}.MinSizeRel|x64.ActiveCfg = MinSizeRel|x64
		{560313CC-A12A-30DD-8BEA-CAF47CBCDD76}.MinSizeRel|x64.Build.0 = MinSizeRel|x64
		{560313CC-A12A-30DD-8BEA-CAF47CBCDD76}.RelWithDebInfo|x64.ActiveCfg = RelWithDebInfo|x64
		{560313CC-A12A-30DD-8BEA-CAF47CBCDD76}.RelWithDebInfo|x64.Build.0 = RelWithDebInfo|x64
		{E03B4F3F-F370-383E-815E-4C5283F78460}.Debug|x64.ActiveCfg = Debug|x64
		{E03B4F3F-F370-383E-815E-4C5283F78460}.Debug|x64.Build.0 = Debug|x64
		{E03B4F3F-F370-383E-815E-4C5283F78460}.Release|x64.ActiveCfg = Release|x64
		{E03B4F3F-F370-383E-815E-4C5283F78460}.Release|x64.Build.0 = Release|x64
		{E03B4F3F-F370-383E-815E-4C5283F78460}.MinSizeRel|x64.ActiveCfg = MinSizeRel|x64
		{E03B4F3F-F370-383E-815E-4C5283F78460}.MinSizeRel|x64.Build.0 = MinSizeRel|x64
		{E03B4F3F-F370-383E-815E-4C5283F78460}.RelWithDebInfo|x64.ActiveCfg = RelWithDebInfo|x64
		{E03B4F3F-F370-383E-815E-4C5283F78460}.RelWithDebInfo|x64.Build.0 = RelWithDebInfo|x64
		{30972BB1-60AF-3CA5-9E72-9A409D77A79D}.Debug|x64.ActiveCfg = Debug|x64
		{30972BB1-60AF-3CA5-9E72-9A409D77A79D}.Debug|x64.Build.0 = Debug|x64
		{30972BB1-60AF-3CA5-9E72-9A409D77A79D}.Release|x64.ActiveCfg = Release|x64
		{30972BB1-60AF-3CA5-9E72-9A409D77A79D}.Release|x64.Build.0 = Release|x64
		{30972BB1-60AF-3CA5-9E72-9A409D77A79D}.MinSizeRel|x64.ActiveCfg = MinSizeRel|x64
		{30972BB1-60AF-3CA5-9E72-9A409D77A79D}.MinSizeRel|x64.Build.0 = MinSizeRel|x64
		{30972BB1-60AF-3CA5-9E72-9A409D77A79D}.RelWithDebInfo|x64.ActiveCfg = RelWithDebInfo|x64
		{30972BB1-60AF-3CA5-9E72-9A409D77A79D}.RelWithDebInfo|x64.Build.0 = RelWithDebInfo|x64
		{A597ABA6-52B9-34F5-803E-EE96D05E0AEE}.Debug|x64.ActiveCfg = Debug|x64
		{A597ABA6-52B9-34F5-803E-EE96D05E0AEE}.Debug|x64.Build.0 = Debug|x64
		{A597ABA6-52B9-34F5-803E-EE96D05E0AEE}.Release|x64.ActiveCfg = Release|x64
		{A597ABA6-52B9-34F5-803E-EE96D05E0AEE}.Release|x64.Build.0 = Release|x64
		{A597ABA6-52B9-34F5-803E-EE96D05E0AEE}.MinSizeRel|x64.ActiveCfg = MinSizeRel|x64
		{A597ABA6-52B9-34F5-803E-EE96D05E0AEE}.MinSizeRel|x64.Build.0 = MinSizeRel|x64
		{A597ABA6-52B9-34F5-803E-EE96D05E0AEE}.RelWithDebInfo|x64.ActiveCfg = RelWithDebInfo|x64
		{A597ABA6-52B9-34F5-803E-EE96D05E0AEE}.RelWithDebInfo|x64.Build.0 = RelWithDebInfo|x64
		{964EBCD1-0A82-3F62-B688-FCA504E5CE20}.Debug|x64.ActiveCfg = Debug|x64
		{964EBCD1-0A82-3F62-B688-FCA504E5CE20}.Debug|x64.Build.0 = Debug|x64
		{964EBCD1-0A82-3F62-B688-FCA504E5CE20}.Release|x64.ActiveCfg = Release|x64
		{964EBCD1-0A82-3F62-B688-FCA504E5CE20}.Release|x64.Build.0 = Release|x64
		{964EBCD1-0A82-3F62-B688-FCA504E5CE20}.MinSizeRel|x64.ActiveCfg = MinSizeRel|x64
		{964EBCD1-0A82-3F62-B688-FCA504E5CE20}.MinSizeRel|x64.Build.0 = MinSizeRel|x64
		{964EBCD1-0A82-3F62-B688-FCA504E5CE20}.RelWithDebInfo|x64.ActiveCfg = RelWithDebInfo|x64
		{964EBCD1-0A82-3F62-B688-FCA504E5CE20}.RelWithDebInfo|x64.Build.0 = RelWithDebInfo|x64
		{BEA7A5FC-679C-3A53-99A4-8547B7F7E4CE}.Debug|x64.ActiveCfg = Debug|x64
		{BEA7A5FC-679C-3A53-99A4-8547B7F7E4CE}.Debug|x64.Build.0 = Debug|x64
		{BEA7A5FC-679C-3A53-99A4-8547B7F7E4CE}.Release|x64.ActiveCfg = Release|x64
		{BEA7A5FC-679C-3A53-99A4-8547B7F7E4CE}.Release|x64.Build.0 = Release|x64
		{BEA7A5FC-679C-3A53-99A4-8547B7F7E4CE}.MinSizeRel|x64.ActiveCfg = MinSizeRel|x64
		{BEA7A5FC-679C-3A53-99A4-8547B7F7E4CE}.MinSizeRel|x64.Build.0 = MinSizeRel|x64
		{BEA7A5FC-679C-3A53-99A4-8547B7F7E4CE}.RelWithDebInfo|x64.ActiveCfg = RelWithDebInfo|x64
		{BEA7A5FC-679C-3A53-99A4-8547B7F7E4CE}.RelWithDebInfo|x64.Build.0 = RelWithDebInfo|x64
		{A4871178-5E99-3773-99C2-AD58C402426A}.Debug|x64.ActiveCfg = Debug|x64
		{A4871178-5E99-3773-99C2-AD58C402426A}.Debug|x64.Build.0 = Debug|x64
		{A4871178-5E99-3773-99C2-AD58C402426A}.Release|x64.ActiveCfg = Release|x64
		{A4871178-5E99-3773-99C2-AD58C402426A}.Release|x64.Build.0 = Release|x64
		{A4871178-5E99-3773-99C2-AD58C402426A}.MinSizeRel|x64.ActiveCfg = MinSizeRel|x64
		{A4871178-5E99-3773-99C2-AD58C402426A}.MinSizeRel|x64.Build.0 = MinSizeRel|x64
		{A4871178-5E99-3773-99C2-AD58C402426A}.RelWithDebInfo|x64.ActiveCfg = RelWithDebInfo|x64
		{A4871178-5E99-3773-99C2-AD58C402426A}.RelWithDebInfo|x64.Build.0 = RelWithDebInfo|x64
		{DD4EF5C0-9C5A-3BA1-A8A9-95E08F75C91B}.Debug|x64.ActiveCfg = Debug|x64
		{DD4EF5C0-9C5A-3BA1-A8A9-95E08F75C91B}.Debug|x64.Build.0 = Debug|x64
		{DD4EF5C0-9C5A-3BA1-A8A9-95E08F75C91B}.Release|x64.ActiveCfg = Release|x64
		{DD4EF5C0-9C5A-3BA1-A8A9-95E08F75C91B}.Release|x64.Build.0 = Release|x64
		{DD4EF5C0-9C5A-3BA1-A8A9-95E08F75C91B}.MinSizeRel|x64.ActiveCfg = MinSizeRel|x64
		{DD4EF5C0-9C5A-3BA1-A8A9-95E08F75C91B}.MinSizeRel|x64.Build.0 = MinSizeRel|x64
		{DD4EF5C0-9C5A-3BA1-A8A9-95E08F75C91B}.RelWithDebInfo|x64.ActiveCfg = RelWithDebInfo|x64
		{DD4EF5C0-9C5A-3BA1-A8A9-95E08F75C91B}.RelWithDebInfo|x64.Build.0 = RelWithDebInfo|x64
		{0E02A5EF-AF28-353B-8B9F-6DEA7101C448}.Debug|x64.ActiveCfg = Debug|x64
		{0E02A5EF-AF28-353B-8B9F-6DEA7101C448}.Debug|x64.Build.0 = Debug|x64
		{0E02A5EF-AF28-353B-8B9F-6DEA7101C448}.Release|x64.ActiveCfg = Release|x64
		{0E02A5EF-AF28-353B-8B9F-6DEA7101C448}.Release|x64.Build.0 = Release|x64
		{0E02A5EF-AF28-353B-8B9F-6DEA7101C448}.MinSizeRel|x64.ActiveCfg = MinSizeRel|x64
		{0E02A5EF-AF28-353B-8B9F-6DEA7101C448}.MinSizeRel|x64.Build.0 = MinSizeRel|x64
		{0E02A5EF-AF28-353B-8B9F-6DEA7101C448}.RelWithDebInfo|x64.ActiveCfg = RelWithDebInfo|x64
		{0E02A5EF-AF28-353B-8B9F-6DEA7101C448}.RelWithDebInfo|x64.Build.0 = RelWithDebInfo|x64
		{E9171D57-BA8C-36B8-A0C1-99A04DDEAB85}.Debug|x64.ActiveCfg = Debug|x64
		{E9171D57-BA8C-36B8-A0C1-99A04DDEAB85}.Debug|x64.Build.0 = Debug|x64
		{E9171D57-BA8C-36B8-A0C1-99A04DDEAB85}.Release|x64.ActiveCfg = Release|x64
		{E9171D57-BA8C-36B8-A0C1-99A04DDEAB85}.Release|x64.Build.0 = Release|x64
		{E9171D57-BA8C-36B8-A0C1-99A04DDEAB85}.MinSizeRel|x64.ActiveCfg = MinSizeRel|x64
		{E9171D57-BA8C-36B8-A0C1-99A04DDEAB85}.MinSizeRel|x64.Build.0 = MinSizeRel|x64
		{E9171D57-BA8C-36B8-A0C1-99A04DDEAB85}.RelWithDebInfo|x64.ActiveCfg = RelWithDebInfo|x64
		{E9171D57-BA8C-36B8-A0C1-99A04DDEAB85}.RelWithDebInfo|x64.Build.0 = RelWithDebInfo|x64
		{355D8CEF-AFC6-368B-AC57-2F5A8242E68D}.Debug|x64.ActiveCfg = Debug|x64
		{355D8CEF-AFC6-368B-AC57-2F5A8242E68D}.Debug|x64.Build.0 = Debug|x64
		{355D8CEF-AFC6-368B-AC57-2F5A8242E68D}.Release|x64.ActiveCfg = Release|x64
		{355D8CEF-AFC6-368B-AC57-2F5A8242E68D}.Release|x64.Build.0 = Release|x64
		{355D8CEF-AFC6-368B-AC57-2F5A8242E68D}.MinSizeRel|x64.ActiveCfg = MinSizeRel|x64
		{355D8CEF-AFC6-368B-AC57-2F5A8242E68D}.MinSizeRel|x64.Build.0 = MinSizeRel|x64
		{355D8CEF-AFC6-368B-AC57-2F5A8242E68D}.RelWithDebInfo|x64.ActiveCfg = RelWithDebInfo|x64
		{355D8CEF-AFC6-368B-AC57-2F5A8242E68D}.RelWithDebInfo|x64.Build.0 = RelWithDebInfo|x64
		{768B43D9-3152-3DBE-B84F-81A5ABA104CE}.Debug|x64.ActiveCfg = Debug|x64
		{768B43D9-3152-3DBE-B84F-81A5ABA104CE}.Debug|x64.Build.0 = Debug|x64
		{768B43D9-3152-3DBE-B84F-81A5ABA104CE}.Release|x64.ActiveCfg = Release|x64
		{768B43D9-3152-3DBE-B84F-81A5ABA104CE}.Release|x64.Build.0 = Release|x64
		{768B43D9-3152-3DBE-B84F-81A5ABA104CE}.MinSizeRel|x64.ActiveCfg = MinSizeRel|x64
		{768B43D9-3152-3DBE-B84F-81A5ABA104CE}.MinSizeRel|x64.Build.0 = MinSizeRel|x64
		{768B43D9-3152-3DBE-B84F-81A5ABA104CE}.RelWithDebInfo|x64.ActiveCfg = RelWithDebInfo|x64
		{768B43D9-3152-3DBE-B84F-81A5ABA104CE}.RelWithDebInfo|x64.Build.0 = RelWithDebInfo|x64
		{B39411E9-90F1-3DEA-8EF6-E1BCF82319AF}.Debug|x64.ActiveCfg = Debug|x64
		{B39411E9-90F1-3DEA-8EF6-E1BCF82319AF}.Debug|x64.Build.0 = Debug|x64
		{B39411E9-90F1-3DEA-8EF6-E1BCF82319AF}.Release|x64.ActiveCfg = Release|x64
		{B39411E9-90F1-3DEA-8EF6-E1BCF82319AF}.Release|x64.Build.0 = Release|x64
		{B39411E9-90F1-3DEA-8EF6-E1BCF82319AF}.MinSizeRel|x64.ActiveCfg = MinSizeRel|x64
		{B39411E9-90F1-3DEA-8EF6-E1BCF82319AF}.MinSizeRel|x64.Build.0 = MinSizeRel|x64
		{B39411E9-90F1-3DEA-8EF6-E1BCF82319AF}.RelWithDebInfo|x64.ActiveCfg = RelWithDebInfo|x64
		{B39411E9-90F1-3DEA-8EF6-E1BCF82319AF}.RelWithDebInfo|x64.Build.0 = RelWithDebInfo|x64
		{02F79699-06FE-3D4A-9BC2-84BBD728B912}.Debug|x64.ActiveCfg = Debug|x64
		{02F79699-06FE-3D4A-9BC2-84BBD728B912}.Debug|x64.Build.0 = Debug|x64
		{02F79699-06FE-3D4A-9BC2-84BBD728B912}.Release|x64.ActiveCfg = Release|x64
		{02F79699-06FE-3D4A-9BC2-84BBD728B912}.Release|x64.Build.0 = Release|x64
		{02F79699-06FE-3D4A-9BC2-84BBD728B912}.MinSizeRel|x64.ActiveCfg = MinSizeRel|x64
		{02F79699-06FE-3D4A-9BC2-84BBD728B912}.MinSizeRel|x64.Build.0 = MinSizeRel|x64
		{02F79699-06FE-3D4A-9BC2-84BBD728B912}.RelWithDebInfo|x64.ActiveCfg = RelWithDebInfo|x64
		{02F79699-06FE-3D4A-9BC2-84BBD728B912}.RelWithDebInfo|x64.Build.0 = RelWithDebInfo|x64
		{F23BB953-1B33-36FF-B419-2FC803FDF4B5}.Debug|x64.ActiveCfg = Debug|x64
		{F23BB953-1B33-36FF-B419-2FC803FDF4B5}.Debug|x64.Build.0 = Debug|x64
		{F23BB953-1B33-36FF-B419-2FC803FDF4B5}.Release|x64.ActiveCfg = Release|x64
		{F23BB953-1B33-36FF-B419-2FC803FDF4B5}.Release|x64.Build.0 = Release|x64
		{F23BB953-1B33-36FF-B419-2FC803FDF4B5}.MinSizeRel|x64.ActiveCfg = MinSizeRel|x64
		{F23BB953-1B33-36FF-B419-2FC803FDF4B5}.MinSizeRel|x64.Build.0 = MinSizeRel|x64
		{F23BB953-1B33-36FF-B419-2FC803FDF4B5}.RelWithDebInfo|x64.ActiveCfg = RelWithDebInfo|x64
		{F23BB953-1B33-36FF-B419-2FC803FDF4B5}.RelWithDebInfo|x64.Build.0 = RelWithDebInfo|x64
		{FC9641FC-E64B-3AD2-AB56-E224104E6F58}.Debug|x64.ActiveCfg = Debug|x64
		{FC9641FC-E64B-3AD2-AB56-E224104E6F58}.Debug|x64.Build.0 = Debug|x64
		{FC9641FC-E64B-3AD2-AB56-E224104E6F58}.Release|x64.ActiveCfg = Release|x64
		{FC9641FC-E64B-3AD2-AB56-E224104E6F58}.Release|x64.Build.0 = Release|x64
		{FC9641FC-E64B-3AD2-AB56-E224104E6F58}.MinSizeRel|x64.ActiveCfg = MinSizeRel|x64
		{FC9641FC-E64B-3AD2-AB56-E224104E6F58}.MinSizeRel|x64.Build.0 = MinSizeRel|x64
		{FC9641FC-E64B-3AD2-AB56-E224104E6F58}.RelWithDebInfo|x64.ActiveCfg = RelWithDebInfo|x64
		{FC9641FC-E64B-3AD2-AB56-E224104E6F58}.RelWithDebInfo|x64.Build.0 = RelWithDebInfo|x64
	EndGlobalSection
	GlobalSection(ExtensibilityGlobals) = postSolution
		SolutionGuid = {17CC100C-5A4E-36F6-83B0-C5DF0FAA3B24}
	EndGlobalSection
	GlobalSection(ExtensibilityAddIns) = postSolution
	EndGlobalSection
EndGlobal
