<?xml version="1.0" encoding="utf-8"?>
<Project ToolsVersion="18.0" xmlns="http://schemas.microsoft.com/developer/msbuild/2003">
  <ItemGroup>
    <ClCompile Include="D:\work\project\CodeMap\external\Vigine\test\channelfactory\smoke_test.cpp">
      <Filter>Source Files</Filter>
    </ClCompile>
  </ItemGroup>
  <ItemGroup>
    <CustomBuild Include="D:\work\project\CodeMap\external\Vigine\test\CMakeLists.txt" />
  </ItemGroup>
  <ItemGroup>
    <Filter Include="Source Files">
      <UniqueIdentifier>{54CA41D8-0482-356E-A246-2C82F29BDFFB}</UniqueIdentifier>
    </Filter>
  </ItemGroup>
</Project>
