
Microsoft Visual Studio Solution File, Format Version 12.00
# Visual Studio Version 18
Project("{8BC9CEB8-8B4A-11D0-8D11-00A0C91BC942}") = "ALL_BUILD", "ALL_BUILD.vcxproj", "{77F77718-11A5-3E71-8D31-53B7BCA35F67}"
	ProjectSection(ProjectDependencies) = postProject
		{F18A5AD7-12F7-3EA4-964B-F541BAF18CC8} = {F18A5AD7-12F7-3EA4-964B-F541BAF18CC8}
		{9CF55378-765A-3A84-8A44-FDA1A2871115} = {9CF55378-765A-3A84-8A44-FDA1A2871115}
		{C3A7765B-D415-3027-B5B0-A392BED99016} = {C3A7765B-D415-3027-B5B0-A392BED99016}
		{7C633A40-3E61-31B0-8998-60A0082E7DEA} = {7C633A40-3E61-31B0-8998-60A0082E7DEA}
		{2C6074AC-6FA9-3985-9161-02341E61FFB9} = {2C6074AC-6FA9-3985-9161-02341E61FFB9}
		{16F042A4-E072-3AA7-80C2-5B64F8C6B6E0} = {16F042A4-E072-3AA7-80C2-5B64F8C6B6E0}
		{50FB6082-850C-3973-8E2D-714431570E15} = {50FB6082-850C-3973-8E2D-714431570E15}
		{EA123650-3C24-3A7A-A40A-164DFD3701B0} = {EA123650-3C24-3A7A-A40A-164DFD3701B0}
		{DA049DC9-E368-39C8-A858-2D0363DFA227} = {DA049DC9-E368-39C8-A858-2D0363DFA227}
		{EF55CD1B-5344-3387-8ED8-09C315843FE2} = {EF55CD1B-5344-3387-8ED8-09C315843FE2}
		{81016057-2AFD-3C3A-AA22-D0A40806C713} = {81016057-2AFD-3C3A-AA22-D0A40806C713}
		{E08B3FC3-1CAD-3E7E-A0FF-73EACBF9664C} = {E08B3FC3-1CAD-3E7E-A0FF-73EACBF9664C}
		{190847E2-3409-32A4-AAEF-43818068B9CB} = {190847E2-3409-32A4-AAEF-43818068B9CB}
	EndProjectSection
EndProject
Project("{8BC9CEB8-8B4A-11D0-8D11-00A0C91BC942}") = "INSTALL", "INSTALL.vcxproj", "{9D9D44AA-B2DE-3E7B-B51A-A193446534F3}"
	ProjectSection(ProjectDependencies) = postProject
		{77F77718-11A5-3E71-8D31-53B7BCA35F67} = {77F77718-11A5-3E71-8D31-53B7BCA35F67}
		{F18A5AD7-12F7-3EA4-964B-F541BAF18CC8} = {F18A5AD7-12F7-3EA4-964B-F541BAF18CC8}
	EndProjectSection
EndProject
Project("{8BC9CEB8-8B4A-11D0-8D11-00A0C91BC942}") = "PACKAGE", "PACKAGE.vcxproj", "{9B845FE3-3E05-33C2-8DA1-0DD8C8ED30C8}"
	ProjectSection(ProjectDependencies) = postProject
		{77F77718-11A5-3E71-8D31-53B7BCA35F67} = {77F77718-11A5-3E71-8D31-53B7BCA35F67}
		{F18A5AD7-12F7-3EA4-964B-F541BAF18CC8} = {F18A5AD7-12F7-3EA4-964B-F541BAF18CC8}
	EndProjectSection
EndProject
Project("{8BC9CEB8-8B4A-11D0-8D11-00A0C91BC942}") = "RUN_TESTS", "RUN_TESTS.vcxproj", "{3B743384-A700-30A9-A21A-C913CD2C375D}"
	ProjectSection(ProjectDependencies) = postProject
		{F18A5AD7-12F7-3EA4-964B-F541BAF18CC8} = {F18A5AD7-12F7-3EA4-964B-F541BAF18CC8}
	EndProjectSection
EndProject
Project("{8BC9CEB8-8B4A-11D0-8D11-00A0C91BC942}") = "ZERO_CHECK", "..\\ZERO_CHECK.vcxproj", "{F18A5AD7-12F7-3EA4-964B-F541BAF18CC8}"
	ProjectSection(ProjectDependencies) = postProject
	EndProjectSection
EndProject
Project("{8BC9CEB8-8B4A-11D0-8D11-00A0C91BC942}") = "channelfactory-smoke", "channelfactory-smoke.vcxproj", "{9CF55378-765A-3A84-8A44-FDA1A2871115}"
	ProjectSection(ProjectDependencies) = postProject
		{F18A5AD7-12F7-3EA4-964B-F541BAF18CC8} = {F18A5AD7-12F7-3EA4-964B-F541BAF18CC8}
		{69A7F345-AEBD-3258-9B11-C9F8CC6C1CFB} = {69A7F345-AEBD-3258-9B11-C9F8CC6C1CFB}
		{9D047920-653E-354F-ADA3-0A89DF78243B} = {9D047920-653E-354F-ADA3-0A89DF78243B}
		{50FB6082-850C-3973-8E2D-714431570E15} = {50FB6082-850C-3973-8E2D-714431570E15}
		{EA123650-3C24-3A7A-A40A-164DFD3701B0} = {EA123650-3C24-3A7A-A40A-164DFD3701B0}
		{ACA91C0C-98C4-3D9C-9812-91377D5DEC24} = {ACA91C0C-98C4-3D9C-9812-91377D5DEC24}
	EndProjectSection
EndProject
Project("{8BC9CEB8-8B4A-11D0-8D11-00A0C91BC942}") = "eventscheduler-smoke", "eventscheduler-smoke.vcxproj", "{C3A7765B-D415-3027-B5B0-A392BED99016}"
	ProjectSection(ProjectDependencies) = postProject
		{F18A5AD7-12F7-3EA4-964B-F541BAF18CC8} = {F18A5AD7-12F7-3EA4-964B-F541BAF18CC8}
		{69A7F345-AEBD-3258-9B11-C9F8CC6C1CFB} = {69A7F345-AEBD-3258-9B11-C9F8CC6C1CFB}
		{9D047920-653E-354F-ADA3-0A89DF78243B} = {9D047920-653E-354F-ADA3-0A89DF78243B}
		{50FB6082-850C-3973-8E2D-714431570E15} = {50FB6082-850C-3973-8E2D-714431570E15}
		{EA123650-3C24-3A7A-A40A-164DFD3701B0} = {EA123650-3C24-3A7A-A40A-164DFD3701B0}
		{ACA91C0C-98C4-3D9C-9812-91377D5DEC24} = {ACA91C0C-98C4-3D9C-9812-91377D5DEC24}
	EndProjectSection
EndProject
Project("{8BC9CEB8-8B4A-11D0-8D11-00A0C91BC942}") = "freetype", "..\external\freetype\freetype.vcxproj", "{69A7F345-AEBD-3258-9B11-C9F8CC6C1CFB}"
	ProjectSection(ProjectDependencies) = postProject
		{F18A5AD7-12F7-3EA4-964B-F541BAF18CC8} = {F18A5AD7-12F7-3EA4-964B-F541BAF18CC8}
	EndProjectSection
EndProject
Project("{8BC9CEB8-8B4A-11D0-8D11-00A0C91BC942}") = "glm", "..\_deps\glm\glm\glm.vcxproj", "{9D047920-653E-354F-ADA3-0A89DF78243B}"
	ProjectSection(ProjectDependencies) = postProject
		{F18A5AD7-12F7-3EA4-964B-F541BAF18CC8} = {F18A5AD7-12F7-3EA4-964B-F541BAF18CC8}
	EndProjectSection
EndProject
Project("{8BC9CEB8-8B4A-11D0-8D11-00A0C91BC942}") = "gmock", "..\googletest\googlemock\gmock.vcxproj", "{7C633A40-3E61-31B0-8998-60A0082E7DEA}"
	ProjectSection(ProjectDependencies) = postProject
		{F18A5AD7-12F7-3EA4-964B-F541BAF18CC8} = {F18A5AD7-12F7-3EA4-964B-F541BAF18CC8}
	EndProjectSection
EndProject
Project("{8BC9CEB8-8B4A-11D0-8D11-00A0C91BC942}") = "gmock_main", "..\googletest\googlemock\gmock_main.vcxproj", "{2C6074AC-6FA9-3985-9161-02341E61FFB9}"
	ProjectSection(ProjectDependencies) = postProject
		{F18A5AD7-12F7-3EA4-964B-F541BAF18CC8} = {F18A5AD7-12F7-3EA4-964B-F541BAF18CC8}
	EndProjectSection
EndProject
Project("{8BC9CEB8-8B4A-11D0-8D11-00A0C91BC942}") = "graph-contract", "graph-contract.vcxproj", "{16F042A4-E072-3AA7-80C2-5B64F8C6B6E0}"
	ProjectSection(ProjectDependencies) = postProject
		{F18A5AD7-12F7-3EA4-964B-F541BAF18CC8} = {F18A5AD7-12F7-3EA4-964B-F541BAF18CC8}
		{69A7F345-AEBD-3258-9B11-C9F8CC6C1CFB} = {69A7F345-AEBD-3258-9B11-C9F8CC6C1CFB}
		{9D047920-653E-354F-ADA3-0A89DF78243B} = {9D047920-653E-354F-ADA3-0A89DF78243B}
		{50FB6082-850C-3973-8E2D-714431570E15} = {50FB6082-850C-3973-8E2D-714431570E15}
		{EA123650-3C24-3A7A-A40A-164DFD3701B0} = {EA123650-3C24-3A7A-A40A-164DFD3701B0}
		{ACA91C0C-98C4-3D9C-9812-91377D5DEC24} = {ACA91C0C-98C4-3D9C-9812-91377D5DEC24}
	EndProjectSection
EndProject
Project("{8BC9CEB8-8B4A-11D0-8D11-00A0C91BC942}") = "gtest", "..\googletest\googletest\gtest.vcxproj", "{50FB6082-850C-3973-8E2D-714431570E15}"
	ProjectSection(ProjectDependencies) = postProject
		{F18A5AD7-12F7-3EA4-964B-F541BAF18CC8} = {F18A5AD7-12F7-3EA4-964B-F541BAF18CC8}
	EndProjectSection
EndProject
Project("{8BC9CEB8-8B4A-11D0-8D11-00A0C91BC942}") = "gtest_main", "..\googletest\googletest\gtest_main.vcxproj", "{EA123650-3C24-3A7A-A40A-164DFD3701B0}"
	ProjectSection(ProjectDependencies) = postProject
		{F18A5AD7-12F7-3EA4-964B-F541BAF18CC8} = {F18A5AD7-12F7-3EA4-964B-F541BAF18CC8}
		{50FB6082-850C-3973-8E2D-714431570E15} = {50FB6082-850C-3973-8E2D-714431570E15}
	EndProjectSection
EndProject
Project("{8BC9CEB8-8B4A-11D0-8D11-00A0C91BC942}") = "messaging-smoke", "messaging-smoke.vcxproj", "{DA049DC9-E368-39C8-A858-2D0363DFA227}"
	ProjectSection(ProjectDependencies) = postProject
		{F18A5AD7-12F7-3EA4-964B-F541BAF18CC8} = {F18A5AD7-12F7-3EA4-964B-F541BAF18CC8}
		{69A7F345-AEBD-3258-9B11-C9F8CC6C1CFB} = {69A7F345-AEBD-3258-9B11-C9F8CC6C1CFB}
		{9D047920-653E-354F-ADA3-0A89DF78243B} = {9D047920-653E-354F-ADA3-0A89DF78243B}
		{50FB6082-850C-3973-8E2D-714431570E15} = {50FB6082-850C-3973-8E2D-714431570E15}
		{EA123650-3C24-3A7A-A40A-164DFD3701B0} = {EA123650-3C24-3A7A-A40A-164DFD3701B0}
		{ACA91C0C-98C4-3D9C-9812-91377D5DEC24} = {ACA91C0C-98C4-3D9C-9812-91377D5DEC24}
	EndProjectSection
EndProject
Project("{8BC9CEB8-8B4A-11D0-8D11-00A0C91BC942}") = "payload-smoke", "payload-smoke.vcxproj", "{EF55CD1B-5344-3387-8ED8-09C315843FE2}"
	ProjectSection(ProjectDependencies) = postProject
		{F18A5AD7-12F7-3EA4-964B-F541BAF18CC8} = {F18A5AD7-12F7-3EA4-964B-F541BAF18CC8}
		{69A7F345-AEBD-3258-9B11-C9F8CC6C1CFB} = {69A7F345-AEBD-3258-9B11-C9F8CC6C1CFB}
		{9D047920-653E-354F-ADA3-0A89DF78243B} = {9D047920-653E-354F-ADA3-0A89DF78243B}
		{50FB6082-850C-3973-8E2D-714431570E15} = {50FB6082-850C-3973-8E2D-714431570E15}
		{EA123650-3C24-3A7A-A40A-164DFD3701B0} = {EA123650-3C24-3A7A-A40A-164DFD3701B0}
		{ACA91C0C-98C4-3D9C-9812-91377D5DEC24} = {ACA91C0C-98C4-3D9C-9812-91377D5DEC24}
	EndProjectSection
EndProject
Project("{8BC9CEB8-8B4A-11D0-8D11-00A0C91BC942}") = "requestbus-smoke", "requestbus-smoke.vcxproj", "{81016057-2AFD-3C3A-AA22-D0A40806C713}"
	ProjectSection(ProjectDependencies) = postProject
		{F18A5AD7-12F7-3EA4-964B-F541BAF18CC8} = {F18A5AD7-12F7-3EA4-964B-F541BAF18CC8}
		{69A7F345-AEBD-3258-9B11-C9F8CC6C1CFB} = {69A7F345-AEBD-3258-9B11-C9F8CC6C1CFB}
		{9D047920-653E-354F-ADA3-0A89DF78243B} = {9D047920-653E-354F-ADA3-0A89DF78243B}
		{50FB6082-850C-3973-8E2D-714431570E15} = {50FB6082-850C-3973-8E2D-714431570E15}
		{EA123650-3C24-3A7A-A40A-164DFD3701B0} = {EA123650-3C24-3A7A-A40A-164DFD3701B0}
		{ACA91C0C-98C4-3D9C-9812-91377D5DEC24} = {ACA91C0C-98C4-3D9C-9812-91377D5DEC24}
	EndProjectSection
EndProject
Project("{8BC9CEB8-8B4A-11D0-8D11-00A0C91BC942}") = "topicbus-smoke", "topicbus-smoke.vcxproj", "{E08B3FC3-1CAD-3E7E-A0FF-73EACBF9664C}"
	ProjectSection(ProjectDependencies) = postProject
		{F18A5AD7-12F7-3EA4-964B-F541BAF18CC8} = {F18A5AD7-12F7-3EA4-964B-F541BAF18CC8}
		{69A7F345-AEBD-3258-9B11-C9F8CC6C1CFB} = {69A7F345-AEBD-3258-9B11-C9F8CC6C1CFB}
		{9D047920-653E-354F-ADA3-0A89DF78243B} = {9D047920-653E-354F-ADA3-0A89DF78243B}
		{50FB6082-850C-3973-8E2D-714431570E15} = {50FB6082-850C-3973-8E2D-714431570E15}
		{EA123650-3C24-3A7A-A40A-164DFD3701B0} = {EA123650-3C24-3A7A-A40A-164DFD3701B0}
		{ACA91C0C-98C4-3D9C-9812-91377D5DEC24} = {ACA91C0C-98C4-3D9C-9812-91377D5DEC24}
	EndProjectSection
EndProject
Project("{8BC9CEB8-8B4A-11D0-8D11-00A0C91BC942}") = "unittest", "unittest.vcxproj", "{190847E2-3409-32A4-AAEF-43818068B9CB}"
	ProjectSection(ProjectDependencies) = postProject
		{F18A5AD7-12F7-3EA4-964B-F541BAF18CC8} = {F18A5AD7-12F7-3EA4-964B-F541BAF18CC8}
		{69A7F345-AEBD-3258-9B11-C9F8CC6C1CFB} = {69A7F345-AEBD-3258-9B11-C9F8CC6C1CFB}
		{9D047920-653E-354F-ADA3-0A89DF78243B} = {9D047920-653E-354F-ADA3-0A89DF78243B}
		{50FB6082-850C-3973-8E2D-714431570E15} = {50FB6082-850C-3973-8E2D-714431570E15}
		{EA123650-3C24-3A7A-A40A-164DFD3701B0} = {EA123650-3C24-3A7A-A40A-164DFD3701B0}
		{ACA91C0C-98C4-3D9C-9812-91377D5DEC24} = {ACA91C0C-98C4-3D9C-9812-91377D5DEC24}
	EndProjectSection
EndProject
Project("{8BC9CEB8-8B4A-11D0-8D11-00A0C91BC942}") = "vigine", "..\\vigine.vcxproj", "{ACA91C0C-98C4-3D9C-9812-91377D5DEC24}"
	ProjectSection(ProjectDependencies) = postProject
		{F18A5AD7-12F7-3EA4-964B-F541BAF18CC8} = {F18A5AD7-12F7-3EA4-964B-F541BAF18CC8}
		{69A7F345-AEBD-3258-9B11-C9F8CC6C1CFB} = {69A7F345-AEBD-3258-9B11-C9F8CC6C1CFB}
		{9D047920-653E-354F-ADA3-0A89DF78243B} = {9D047920-653E-354F-ADA3-0A89DF78243B}
	EndProjectSection
EndProject
Global
	GlobalSection(SolutionConfigurationPlatforms) = preSolution
		Debug|x64 = Debug|x64
		Release|x64 = Release|x64
		MinSizeRel|x64 = MinSizeRel|x64
		RelWithDebInfo|x64 = RelWithDebInfo|x64
	EndGlobalSection
	GlobalSection(ProjectConfigurationPlatforms) = postSolution
		{77F77718-11A5-3E71-8D31-53B7BCA35F67}.Debug|x64.ActiveCfg = Debug|x64
		{77F77718-11A5-3E71-8D31-53B7BCA35F67}.Debug|x64.Build.0 = Debug|x64
		{77F77718-11A5-3E71-8D31-53B7BCA35F67}.Release|x64.ActiveCfg = Release|x64
		{77F77718-11A5-3E71-8D31-53B7BCA35F67}.Release|x64.Build.0 = Release|x64
		{77F77718-11A5-3E71-8D31-53B7BCA35F67}.MinSizeRel|x64.ActiveCfg = MinSizeRel|x64
		{77F77718-11A5-3E71-8D31-53B7BCA35F67}.MinSizeRel|x64.Build.0 = MinSizeRel|x64
		{77F77718-11A5-3E71-8D31-53B7BCA35F67}.RelWithDebInfo|x64.ActiveCfg = RelWithDebInfo|x64
		{77F77718-11A5-3E71-8D31-53B7BCA35F67}.RelWithDebInfo|x64.Build.0 = RelWithDebInfo|x64
		{9D9D44AA-B2DE-3E7B-B51A-A193446534F3}.Debug|x64.ActiveCfg = Debug|x64
		{9D9D44AA-B2DE-3E7B-B51A-A193446534F3}.Release|x64.ActiveCfg = Release|x64
		{9D9D44AA-B2DE-3E7B-B51A-A193446534F3}.MinSizeRel|x64.ActiveCfg = MinSizeRel|x64
		{9D9D44AA-B2DE-3E7B-B51A-A193446534F3}.RelWithDebInfo|x64.ActiveCfg = RelWithDebInfo|x64
		{9B845FE3-3E05-33C2-8DA1-0DD8C8ED30C8}.Debug|x64.ActiveCfg = Debug|x64
		{9B845FE3-3E05-33C2-8DA1-0DD8C8ED30C8}.Release|x64.ActiveCfg = Release|x64
		{9B845FE3-3E05-33C2-8DA1-0DD8C8ED30C8}.MinSizeRel|x64.ActiveCfg = MinSizeRel|x64
		{9B845FE3-3E05-33C2-8DA1-0DD8C8ED30C8}.RelWithDebInfo|x64.ActiveCfg = RelWithDebInfo|x64
		{3B743384-A700-30A9-A21A-C913CD2C375D}.Debug|x64.ActiveCfg = Debug|x64
		{3B743384-A700-30A9-A21A-C913CD2C375D}.Release|x64.ActiveCfg = Release|x64
		{3B743384-A700-30A9-A21A-C913CD2C375D}.MinSizeRel|x64.ActiveCfg = MinSizeRel|x64
		{3B743384-A700-30A9-A21A-C913CD2C375D}.RelWithDebInfo|x64.ActiveCfg = RelWithDebInfo|x64
		{F18A5AD7-12F7-3EA4-964B-F541BAF18CC8}.Debug|x64.ActiveCfg = Debug|x64
		{F18A5AD7-12F7-3EA4-964B-F541BAF18CC8}.Debug|x64.Build.0 = Debug|x64
		{F18A5AD7-12F7-3EA4-964B-F541BAF18CC8}.Release|x64.ActiveCfg = Release|x64
		{F18A5AD7-12F7-3EA4-964B-F541BAF18CC8}.Release|x64.Build.0 = Release|x64
		{F18A5AD7-12F7-3EA4-964B-F541BAF18CC8}.MinSizeRel|x64.ActiveCfg = MinSizeRel|x64
		{F18A5AD7-12F7-3EA4-964B-F541BAF18CC8}.MinSizeRel|x64.Build.0 = MinSizeRel|x64
		{F18A5AD7-12F7-3EA4-964B-F541BAF18CC8}.RelWithDebInfo|x64.ActiveCfg = RelWithDebInfo|x64
		{F18A5AD7-12F7-3EA4-964B-F541BAF18CC8}.RelWithDebInfo|x64.Build.0 = RelWithDebInfo|x64
		{9CF55378-765A-3A84-8A44-FDA1A2871115}.Debug|x64.ActiveCfg = Debug|x64
		{9CF55378-765A-3A84-8A44-FDA1A2871115}.Debug|x64.Build.0 = Debug|x64
		{9CF55378-765A-3A84-8A44-FDA1A2871115}.Release|x64.ActiveCfg = Release|x64
		{9CF55378-765A-3A84-8A44-FDA1A2871115}.Release|x64.Build.0 = Release|x64
		{9CF55378-765A-3A84-8A44-FDA1A2871115}.MinSizeRel|x64.ActiveCfg = MinSizeRel|x64
		{9CF55378-765A-3A84-8A44-FDA1A2871115}.MinSizeRel|x64.Build.0 = MinSizeRel|x64
		{9CF55378-765A-3A84-8A44-FDA1A2871115}.RelWithDebInfo|x64.ActiveCfg = RelWithDebInfo|x64
		{9CF55378-765A-3A84-8A44-FDA1A2871115}.RelWithDebInfo|x64.Build.0 = RelWithDebInfo|x64
		{C3A7765B-D415-3027-B5B0-A392BED99016}.Debug|x64.ActiveCfg = Debug|x64
		{C3A7765B-D415-3027-B5B0-A392BED99016}.Debug|x64.Build.0 = Debug|x64
		{C3A7765B-D415-3027-B5B0-A392BED99016}.Release|x64.ActiveCfg = Release|x64
		{C3A7765B-D415-3027-B5B0-A392BED99016}.Release|x64.Build.0 = Release|x64
		{C3A7765B-D415-3027-B5B0-A392BED99016}.MinSizeRel|x64.ActiveCfg = MinSizeRel|x64
		{C3A7765B-D415-3027-B5B0-A392BED99016}.MinSizeRel|x64.Build.0 = MinSizeRel|x64
		{C3A7765B-D415-3027-B5B0-A392BED99016}.RelWithDebInfo|x64.ActiveCfg = RelWithDebInfo|x64
		{C3A7765B-D415-3027-B5B0-A392BED99016}.RelWithDebInfo|x64.Build.0 = RelWithDebInfo|x64
		{69A7F345-AEBD-3258-9B11-C9F8CC6C1CFB}.Debug|x64.ActiveCfg = Debug|x64
		{69A7F345-AEBD-3258-9B11-C9F8CC6C1CFB}.Debug|x64.Build.0 = Debug|x64
		{69A7F345-AEBD-3258-9B11-C9F8CC6C1CFB}.Release|x64.ActiveCfg = Release|x64
		{69A7F345-AEBD-3258-9B11-C9F8CC6C1CFB}.Release|x64.Build.0 = Release|x64
		{69A7F345-AEBD-3258-9B11-C9F8CC6C1CFB}.MinSizeRel|x64.ActiveCfg = MinSizeRel|x64
		{69A7F345-AEBD-3258-9B11-C9F8CC6C1CFB}.MinSizeRel|x64.Build.0 = MinSizeRel|x64
		{69A7F345-AEBD-3258-9B11-C9F8CC6C1CFB}.RelWithDebInfo|x64.ActiveCfg = RelWithDebInfo|x64
		{69A7F345-AEBD-3258-9B11-C9F8CC6C1CFB}.RelWithDebInfo|x64.Build.0 = RelWithDebInfo|x64
		{9D047920-653E-354F-ADA3-0A89DF78243B}.Debug|x64.ActiveCfg = Debug|x64
		{9D047920-653E-354F-ADA3-0A89DF78243B}.Debug|x64.Build.0 = Debug|x64
		{9D047920-653E-354F-ADA3-0A89DF78243B}.Release|x64.ActiveCfg = Release|x64
		{9D047920-653E-354F-ADA3-0A89DF78243B}.Release|x64.Build.0 = Release|x64
		{9D047920-653E-354F-ADA3-0A89DF78243B}.MinSizeRel|x64.ActiveCfg = MinSizeRel|x64
		{9D047920-653E-354F-ADA3-0A89DF78243B}.MinSizeRel|x64.Build.0 = MinSizeRel|x64
		{9D047920-653E-354F-ADA3-0A89DF78243B}.RelWithDebInfo|x64.ActiveCfg = RelWithDebInfo|x64
		{9D047920-653E-354F-ADA3-0A89DF78243B}.RelWithDebInfo|x64.Build.0 = RelWithDebInfo|x64
		{7C633A40-3E61-31B0-8998-60A0082E7DEA}.Debug|x64.ActiveCfg = Debug|x64
		{7C633A40-3E61-31B0-8998-60A0082E7DEA}.Debug|x64.Build.0 = Debug|x64
		{7C633A40-3E61-31B0-8998-60A0082E7DEA}.Release|x64.ActiveCfg = Release|x64
		{7C633A40-3E61-31B0-8998-60A0082E7DEA}.Release|x64.Build.0 = Release|x64
		{7C633A40-3E61-31B0-8998-60A0082E7DEA}.MinSizeRel|x64.ActiveCfg = MinSizeRel|x64
		{7C633A40-3E61-31B0-8998-60A0082E7DEA}.MinSizeRel|x64.Build.0 = MinSizeRel|x64
		{7C633A40-3E61-31B0-8998-60A0082E7DEA}.RelWithDebInfo|x64.ActiveCfg = RelWithDebInfo|x64
		{7C633A40-3E61-31B0-8998-60A0082E7DEA}.RelWithDebInfo|x64.Build.0 = RelWithDebInfo|x64
		{2C6074AC-6FA9-3985-9161-02341E61FFB9}.Debug|x64.ActiveCfg = Debug|x64
		{2C6074AC-6FA9-3985-9161-02341E61FFB9}.Debug|x64.Build.0 = Debug|x64
		{2C6074AC-6FA9-3985-9161-02341E61FFB9}.Release|x64.ActiveCfg = Release|x64
		{2C6074AC-6FA9-3985-9161-02341E61FFB9}.Release|x64.Build.0 = Release|x64
		{2C6074AC-6FA9-3985-9161-02341E61FFB9}.MinSizeRel|x64.ActiveCfg = MinSizeRel|x64
		{2C6074AC-6FA9-3985-9161-02341E61FFB9}.MinSizeRel|x64.Build.0 = MinSizeRel|x64
		{2C6074AC-6FA9-3985-9161-02341E61FFB9}.RelWithDebInfo|x64.ActiveCfg = RelWithDebInfo|x64
		{2C6074AC-6FA9-3985-9161-02341E61FFB9}.RelWithDebInfo|x64.Build.0 = RelWithDebInfo|x64
		{16F042A4-E072-3AA7-80C2-5B64F8C6B6E0}.Debug|x64.ActiveCfg = Debug|x64
		{16F042A4-E072-3AA7-80C2-5B64F8C6B6E0}.Debug|x64.Build.0 = Debug|x64
		{16F042A4-E072-3AA7-80C2-5B64F8C6B6E0}.Release|x64.ActiveCfg = Release|x64
		{16F042A4-E072-3AA7-80C2-5B64F8C6B6E0}.Release|x64.Build.0 = Release|x64
		{16F042A4-E072-3AA7-80C2-5B64F8C6B6E0}.MinSizeRel|x64.ActiveCfg = MinSizeRel|x64
		{16F042A4-E072-3AA7-80C2-5B64F8C6B6E0}.MinSizeRel|x64.Build.0 = MinSizeRel|x64
		{16F042A4-E072-3AA7-80C2-5B64F8C6B6E0}.RelWithDebInfo|x64.ActiveCfg = RelWithDebInfo|x64
		{16F042A4-E072-3AA7-80C2-5B64F8C6B6E0}.RelWithDebInfo|x64.Build.0 = RelWithDebInfo|x64
		{50FB6082-850C-3973-8E2D-714431570E15}.Debug|x64.ActiveCfg = Debug|x64
		{50FB6082-850C-3973-8E2D-714431570E15}.Debug|x64.Build.0 = Debug|x64
		{50FB6082-850C-3973-8E2D-714431570E15}.Release|x64.ActiveCfg = Release|x64
		{50FB6082-850C-3973-8E2D-714431570E15}.Release|x64.Build.0 = Release|x64
		{50FB6082-850C-3973-8E2D-714431570E15}.MinSizeRel|x64.ActiveCfg = MinSizeRel|x64
		{50FB6082-850C-3973-8E2D-714431570E15}.MinSizeRel|x64.Build.0 = MinSizeRel|x64
		{50FB6082-850C-3973-8E2D-714431570E15}.RelWithDebInfo|x64.ActiveCfg = RelWithDebInfo|x64
		{50FB6082-850C-3973-8E2D-714431570E15}.RelWithDebInfo|x64.Build.0 = RelWithDebInfo|x64
		{EA123650-3C24-3A7A-A40A-164DFD3701B0}.Debug|x64.ActiveCfg = Debug|x64
		{EA123650-3C24-3A7A-A40A-164DFD3701B0}.Debug|x64.Build.0 = Debug|x64
		{EA123650-3C24-3A7A-A40A-164DFD3701B0}.Release|x64.ActiveCfg = Release|x64
		{EA123650-3C24-3A7A-A40A-164DFD3701B0}.Release|x64.Build.0 = Release|x64
		{EA123650-3C24-3A7A-A40A-164DFD3701B0}.MinSizeRel|x64.ActiveCfg = MinSizeRel|x64
		{EA123650-3C24-3A7A-A40A-164DFD3701B0}.MinSizeRel|x64.Build.0 = MinSizeRel|x64
		{EA123650-3C24-3A7A-A40A-164DFD3701B0}.RelWithDebInfo|x64.ActiveCfg = RelWithDebInfo|x64
		{EA123650-3C24-3A7A-A40A-164DFD3701B0}.RelWithDebInfo|x64.Build.0 = RelWithDebInfo|x64
		{DA049DC9-E368-39C8-A858-2D0363DFA227}.Debug|x64.ActiveCfg = Debug|x64
		{DA049DC9-E368-39C8-A858-2D0363DFA227}.Debug|x64.Build.0 = Debug|x64
		{DA049DC9-E368-39C8-A858-2D0363DFA227}.Release|x64.ActiveCfg = Release|x64
		{DA049DC9-E368-39C8-A858-2D0363DFA227}.Release|x64.Build.0 = Release|x64
		{DA049DC9-E368-39C8-A858-2D0363DFA227}.MinSizeRel|x64.ActiveCfg = MinSizeRel|x64
		{DA049DC9-E368-39C8-A858-2D0363DFA227}.MinSizeRel|x64.Build.0 = MinSizeRel|x64
		{DA049DC9-E368-39C8-A858-2D0363DFA227}.RelWithDebInfo|x64.ActiveCfg = RelWithDebInfo|x64
		{DA049DC9-E368-39C8-A858-2D0363DFA227}.RelWithDebInfo|x64.Build.0 = RelWithDebInfo|x64
		{EF55CD1B-5344-3387-8ED8-09C315843FE2}.Debug|x64.ActiveCfg = Debug|x64
		{EF55CD1B-5344-3387-8ED8-09C315843FE2}.Debug|x64.Build.0 = Debug|x64
		{EF55CD1B-5344-3387-8ED8-09C315843FE2}.Release|x64.ActiveCfg = Release|x64
		{EF55CD1B-5344-3387-8ED8-09C315843FE2}.Release|x64.Build.0 = Release|x64
		{EF55CD1B-5344-3387-8ED8-09C315843FE2}.MinSizeRel|x64.ActiveCfg = MinSizeRel|x64
		{EF55CD1B-5344-3387-8ED8-09C315843FE2}.MinSizeRel|x64.Build.0 = MinSizeRel|x64
		{EF55CD1B-5344-3387-8ED8-09C315843FE2}.RelWithDebInfo|x64.ActiveCfg = RelWithDebInfo|x64
		{EF55CD1B-5344-3387-8ED8-09C315843FE2}.RelWithDebInfo|x64.Build.0 = RelWithDebInfo|x64
		{81016057-2AFD-3C3A-AA22-D0A40806C713}.Debug|x64.ActiveCfg = Debug|x64
		{81016057-2AFD-3C3A-AA22-D0A40806C713}.Debug|x64.Build.0 = Debug|x64
		{81016057-2AFD-3C3A-AA22-D0A40806C713}.Release|x64.ActiveCfg = Release|x64
		{81016057-2AFD-3C3A-AA22-D0A40806C713}.Release|x64.Build.0 = Release|x64
		{81016057-2AFD-3C3A-AA22-D0A40806C713}.MinSizeRel|x64.ActiveCfg = MinSizeRel|x64
		{81016057-2AFD-3C3A-AA22-D0A40806C713}.MinSizeRel|x64.Build.0 = MinSizeRel|x64
		{81016057-2AFD-3C3A-AA22-D0A40806C713}.RelWithDebInfo|x64.ActiveCfg = RelWithDebInfo|x64
		{81016057-2AFD-3C3A-AA22-D0A40806C713}.RelWithDebInfo|x64.Build.0 = RelWithDebInfo|x64
		{E08B3FC3-1CAD-3E7E-A0FF-73EACBF9664C}.Debug|x64.ActiveCfg = Debug|x64
		{E08B3FC3-1CAD-3E7E-A0FF-73EACBF9664C}.Debug|x64.Build.0 = Debug|x64
		{E08B3FC3-1CAD-3E7E-A0FF-73EACBF9664C}.Release|x64.ActiveCfg = Release|x64
		{E08B3FC3-1CAD-3E7E-A0FF-73EACBF9664C}.Release|x64.Build.0 = Release|x64
		{E08B3FC3-1CAD-3E7E-A0FF-73EACBF9664C}.MinSizeRel|x64.ActiveCfg = MinSizeRel|x64
		{E08B3FC3-1CAD-3E7E-A0FF-73EACBF9664C}.MinSizeRel|x64.Build.0 = MinSizeRel|x64
		{E08B3FC3-1CAD-3E7E-A0FF-73EACBF9664C}.RelWithDebInfo|x64.ActiveCfg = RelWithDebInfo|x64
		{E08B3FC3-1CAD-3E7E-A0FF-73EACBF9664C}.RelWithDebInfo|x64.Build.0 = RelWithDebInfo|x64
		{190847E2-3409-32A4-AAEF-43818068B9CB}.Debug|x64.ActiveCfg = Debug|x64
		{190847E2-3409-32A4-AAEF-43818068B9CB}.Debug|x64.Build.0 = Debug|x64
		{190847E2-3409-32A4-AAEF-43818068B9CB}.Release|x64.ActiveCfg = Release|x64
		{190847E2-3409-32A4-AAEF-43818068B9CB}.Release|x64.Build.0 = Release|x64
		{190847E2-3409-32A4-AAEF-43818068B9CB}.MinSizeRel|x64.ActiveCfg = MinSizeRel|x64
		{190847E2-3409-32A4-AAEF-43818068B9CB}.MinSizeRel|x64.Build.0 = MinSizeRel|x64
		{190847E2-3409-32A4-AAEF-43818068B9CB}.RelWithDebInfo|x64.ActiveCfg = RelWithDebInfo|x64
		{190847E2-3409-32A4-AAEF-43818068B9CB}.RelWithDebInfo|x64.Build.0 = RelWithDebInfo|x64
		{ACA91C0C-98C4-3D9C-9812-91377D5DEC24}.Debug|x64.ActiveCfg = Debug|x64
		{ACA91C0C-98C4-3D9C-9812-91377D5DEC24}.Debug|x64.Build.0 = Debug|x64
		{ACA91C0C-98C4-3D9C-9812-91377D5DEC24}.Release|x64.ActiveCfg = Release|x64
		{ACA91C0C-98C4-3D9C-9812-91377D5DEC24}.Release|x64.Build.0 = Release|x64
		{ACA91C0C-98C4-3D9C-9812-91377D5DEC24}.MinSizeRel|x64.ActiveCfg = MinSizeRel|x64
		{ACA91C0C-98C4-3D9C-9812-91377D5DEC24}.MinSizeRel|x64.Build.0 = MinSizeRel|x64
		{ACA91C0C-98C4-3D9C-9812-91377D5DEC24}.RelWithDebInfo|x64.ActiveCfg = RelWithDebInfo|x64
		{ACA91C0C-98C4-3D9C-9812-91377D5DEC24}.RelWithDebInfo|x64.Build.0 = RelWithDebInfo|x64
	EndGlobalSection
	GlobalSection(ExtensibilityGlobals) = postSolution
		SolutionGuid = {AE607A33-BFB8-363B-8E4F-8F8EBC6351E0}
	EndGlobalSection
	GlobalSection(ExtensibilityAddIns) = postSolution
	EndGlobalSection
EndGlobal
