<?xml version="1.0" encoding="utf-8"?>
<Project ToolsVersion="18.0" xmlns="http://schemas.microsoft.com/developer/msbuild/2003">
  <ItemGroup>
    <CustomBuild Include="D:\work\project\CodeMap\external\Vigine\build_contract\CMakeFiles\10b33c7ffeec031eb808bdf35e1a2b04\PACKAGE_force.rule">
      <Filter>CMake Rules</Filter>
    </CustomBuild>
  </ItemGroup>
  <ItemGroup>
    <Filter Include="CMake Rules">
      <UniqueIdentifier>{B5CBC8D4-1A7B-362E-BF90-761F4E34E773}</UniqueIdentifier>
    </Filter>
  </ItemGroup>
</Project>
