<?xml version="1.0" encoding="utf-8"?>
<Project ToolsVersion="18.0" xmlns="http://schemas.microsoft.com/developer/msbuild/2003">
  <ItemGroup>
    <CustomBuild Include="D:\work\project\CodeMap\external\Vigine\build_test\CMakeFiles\d39a262ec07ae8480d0aac3e3ccf7034\INSTALL_force.rule">
      <Filter>CMake Rules</Filter>
    </CustomBuild>
  </ItemGroup>
  <ItemGroup>
    <Filter Include="CMake Rules">
      <UniqueIdentifier>{ED1C5A01-DB31-3D27-88AC-2619C0C8F1A4}</UniqueIdentifier>
    </Filter>
  </ItemGroup>
</Project>
