
Microsoft Visual Studio Solution File, Format Version 12.00
# Visual Studio Version 18
Project("{8BC9CEB8-8B4A-11D0-8D11-00A0C91BC942}") = "ALL_BUILD", "ALL_BUILD.vcxproj", "{ECD2F8CC-4BEE-3A95-AD73-737E16A0C279}"
	ProjectSection(ProjectDependencies) = postProject
		{F49D526F-8CE4-345C-A7B1-80E5FF335027} = {F49D526F-8CE4-345C-A7B1-80E5FF335027}
		{D3420667-8A59-3C63-BB01-EC90EA02B603} = {D3420667-8A59-3C63-BB01-EC90EA02B603}
		{C15A2661-3A7D-31AC-998A-CBC249DC9E0C} = {C15A2661-3A7D-31AC-998A-CBC249DC9E0C}
		{04FC2843-DF1A-35CD-B2BC-C390C7A13BF0} = {04FC2843-DF1A-35CD-B2BC-C390C7A13BF0}
		{8E8A15F8-CBB0-3ABD-A016-B2A3551CF551} = {8E8A15F8-CBB0-3ABD-A016-B2A3551CF551}
	EndProjectSection
EndProject
Project("{8BC9CEB8-8B4A-11D0-8D11-00A0C91BC942}") = "INSTALL", "INSTALL.vcxproj", "{F7286E8E-93C2-3796-8B3F-57312E7D5D50}"
	ProjectSection(ProjectDependencies) = postProject
		{ECD2F8CC-4BEE-3A95-AD73-737E16A0C279} = {ECD2F8CC-4BEE-3A95-AD73-737E16A0C279}
		{F49D526F-8CE4-345C-A7B1-80E5FF335027} = {F49D526F-8CE4-345C-A7B1-80E5FF335027}
	EndProjectSection
EndProject
Project("{8BC9CEB8-8B4A-11D0-8D11-00A0C91BC942}") = "PACKAGE", "PACKAGE.vcxproj", "{0C10C2BA-FBC1-367B-A25A-E9F7926642FA}"
	ProjectSection(ProjectDependencies) = postProject
		{ECD2F8CC-4BEE-3A95-AD73-737E16A0C279} = {ECD2F8CC-4BEE-3A95-AD73-737E16A0C279}
		{F49D526F-8CE4-345C-A7B1-80E5FF335027} = {F49D526F-8CE4-345C-A7B1-80E5FF335027}
	EndProjectSection
EndProject
Project("{8BC9CEB8-8B4A-11D0-8D11-00A0C91BC942}") = "RUN_TESTS", "RUN_TESTS.vcxproj", "{747F46B0-F149-3B64-B96B-18C1C0DD4DBD}"
	ProjectSection(ProjectDependencies) = postProject
		{F49D526F-8CE4-345C-A7B1-80E5FF335027} = {F49D526F-8CE4-345C-A7B1-80E5FF335027}
	EndProjectSection
EndProject
Project("{8BC9CEB8-8B4A-11D0-8D11-00A0C91BC942}") = "ZERO_CHECK", "..\\ZERO_CHECK.vcxproj", "{F49D526F-8CE4-345C-A7B1-80E5FF335027}"
	ProjectSection(ProjectDependencies) = postProject
	EndProjectSection
EndProject
Project("{8BC9CEB8-8B4A-11D0-8D11-00A0C91BC942}") = "gmock", "googlemock\gmock.vcxproj", "{D3420667-8A59-3C63-BB01-EC90EA02B603}"
	ProjectSection(ProjectDependencies) = postProject
		{F49D526F-8CE4-345C-A7B1-80E5FF335027} = {F49D526F-8CE4-345C-A7B1-80E5FF335027}
	EndProjectSection
EndProject
Project("{8BC9CEB8-8B4A-11D0-8D11-00A0C91BC942}") = "gmock_main", "googlemock\gmock_main.vcxproj", "{C15A2661-3A7D-31AC-998A-CBC249DC9E0C}"
	ProjectSection(ProjectDependencies) = postProject
		{F49D526F-8CE4-345C-A7B1-80E5FF335027} = {F49D526F-8CE4-345C-A7B1-80E5FF335027}
	EndProjectSection
EndProject
Project("{8BC9CEB8-8B4A-11D0-8D11-00A0C91BC942}") = "gtest", "googletest\gtest.vcxproj", "{04FC2843-DF1A-35CD-B2BC-C390C7A13BF0}"
	ProjectSection(ProjectDependencies) = postProject
		{F49D526F-8CE4-345C-A7B1-80E5FF335027} = {F49D526F-8CE4-345C-A7B1-80E5FF335027}
	EndProjectSection
EndProject
Project("{8BC9CEB8-8B4A-11D0-8D11-00A0C91BC942}") = "gtest_main", "googletest\gtest_main.vcxproj", "{8E8A15F8-CBB0-3ABD-A016-B2A3551CF551}"
	ProjectSection(ProjectDependencies) = postProject
		{F49D526F-8CE4-345C-A7B1-80E5FF335027} = {F49D526F-8CE4-345C-A7B1-80E5FF335027}
		{04FC2843-DF1A-35CD-B2BC-C390C7A13BF0} = {04FC2843-DF1A-35CD-B2BC-C390C7A13BF0}
	EndProjectSection
EndProject
Global
	GlobalSection(SolutionConfigurationPlatforms) = preSolution
		Debug|x64 = Debug|x64
		Release|x64 = Release|x64
		MinSizeRel|x64 = MinSizeRel|x64
		RelWithDebInfo|x64 = RelWithDebInfo|x64
	EndGlobalSection
	GlobalSection(ProjectConfigurationPlatforms) = postSolution
		{ECD2F8CC-4BEE-3A95-AD73-737E16A0C279}.Debug|x64.ActiveCfg = Debug|x64
		{ECD2F8CC-4BEE-3A95-AD73-737E16A0C279}.Debug|x64.Build.0 = Debug|x64
		{ECD2F8CC-4BEE-3A95-AD73-737E16A0C279}.Release|x64.ActiveCfg = Release|x64
		{ECD2F8CC-4BEE-3A95-AD73-737E16A0C279}.Release|x64.Build.0 = Release|x64
		{ECD2F8CC-4BEE-3A95-AD73-737E16A0C279}.MinSizeRel|x64.ActiveCfg = MinSizeRel|x64
		{ECD2F8CC-4BEE-3A95-AD73-737E16A0C279}.MinSizeRel|x64.Build.0 = MinSizeRel|x64
		{ECD2F8CC-4BEE-3A95-AD73-737E16A0C279}.RelWithDebInfo|x64.ActiveCfg = RelWithDebInfo|x64
		{ECD2F8CC-4BEE-3A95-AD73-737E16A0C279}.RelWithDebInfo|x64.Build.0 = RelWithDebInfo|x64
		{F7286E8E-93C2-3796-8B3F-57312E7D5D50}.Debug|x64.ActiveCfg = Debug|x64
		{F7286E8E-93C2-3796-8B3F-57312E7D5D50}.Release|x64.ActiveCfg = Release|x64
		{F7286E8E-93C2-3796-8B3F-57312E7D5D50}.MinSizeRel|x64.ActiveCfg = MinSizeRel|x64
		{F7286E8E-93C2-3796-8B3F-57312E7D5D50}.RelWithDebInfo|x64.ActiveCfg = RelWithDebInfo|x64
		{0C10C2BA-FBC1-367B-A25A-E9F7926642FA}.Debug|x64.ActiveCfg = Debug|x64
		{0C10C2BA-FBC1-367B-A25A-E9F7926642FA}.Release|x64.ActiveCfg = Release|x64
		{0C10C2BA-FBC1-367B-A25A-E9F7926642FA}.MinSizeRel|x64.ActiveCfg = MinSizeRel|x64
		{0C10C2BA-FBC1-367B-A25A-E9F7926642FA}.RelWithDebInfo|x64.ActiveCfg = RelWithDebInfo|x64
		{747F46B0-F149-3B64-B96B-18C1C0DD4DBD}.Debug|x64.ActiveCfg = Debug|x64
		{747F46B0-F149-3B64-B96B-18C1C0DD4DBD}.Release|x64.ActiveCfg = Release|x64
		{747F46B0-F149-3B64-B96B-18C1C0DD4DBD}.MinSizeRel|x64.ActiveCfg = MinSizeRel|x64
		{747F46B0-F149-3B64-B96B-18C1C0DD4DBD}.RelWithDebInfo|x64.ActiveCfg = RelWithDebInfo|x64
		{F49D526F-8CE4-345C-A7B1-80E5FF335027}.Debug|x64.ActiveCfg = Debug|x64
		{F49D526F-8CE4-345C-A7B1-80E5FF335027}.Debug|x64.Build.0 = Debug|x64
		{F49D526F-8CE4-345C-A7B1-80E5FF335027}.Release|x64.ActiveCfg = Release|x64
		{F49D526F-8CE4-345C-A7B1-80E5FF335027}.Release|x64.Build.0 = Release|x64
		{F49D526F-8CE4-345C-A7B1-80E5FF335027}.MinSizeRel|x64.ActiveCfg = MinSizeRel|x64
		{F49D526F-8CE4-345C-A7B1-80E5FF335027}.MinSizeRel|x64.Build.0 = MinSizeRel|x64
		{F49D526F-8CE4-345C-A7B1-80E5FF335027}.RelWithDebInfo|x64.ActiveCfg = RelWithDebInfo|x64
		{F49D526F-8CE4-345C-A7B1-80E5FF335027}.RelWithDebInfo|x64.Build.0 = RelWithDebInfo|x64
		{D3420667-8A59-3C63-BB01-EC90EA02B603}.Debug|x64.ActiveCfg = Debug|x64
		{D3420667-8A59-3C63-BB01-EC90EA02B603}.Debug|x64.Build.0 = Debug|x64
		{D3420667-8A59-3C63-BB01-EC90EA02B603}.Release|x64.ActiveCfg = Release|x64
		{D3420667-8A59-3C63-BB01-EC90EA02B603}.Release|x64.Build.0 = Release|x64
		{D3420667-8A59-3C63-BB01-EC90EA02B603}.MinSizeRel|x64.ActiveCfg = MinSizeRel|x64
		{D3420667-8A59-3C63-BB01-EC90EA02B603}.MinSizeRel|x64.Build.0 = MinSizeRel|x64
		{D3420667-8A59-3C63-BB01-EC90EA02B603}.RelWithDebInfo|x64.ActiveCfg = RelWithDebInfo|x64
		{D3420667-8A59-3C63-BB01-EC90EA02B603}.RelWithDebInfo|x64.Build.0 = RelWithDebInfo|x64
		{C15A2661-3A7D-31AC-998A-CBC249DC9E0C}.Debug|x64.ActiveCfg = Debug|x64
		{C15A2661-3A7D-31AC-998A-CBC249DC9E0C}.Debug|x64.Build.0 = Debug|x64
		{C15A2661-3A7D-31AC-998A-CBC249DC9E0C}.Release|x64.ActiveCfg = Release|x64
		{C15A2661-3A7D-31AC-998A-CBC249DC9E0C}.Release|x64.Build.0 = Release|x64
		{C15A2661-3A7D-31AC-998A-CBC249DC9E0C}.MinSizeRel|x64.ActiveCfg = MinSizeRel|x64
		{C15A2661-3A7D-31AC-998A-CBC249DC9E0C}.MinSizeRel|x64.Build.0 = MinSizeRel|x64
		{C15A2661-3A7D-31AC-998A-CBC249DC9E0C}.RelWithDebInfo|x64.ActiveCfg = RelWithDebInfo|x64
		{C15A2661-3A7D-31AC-998A-CBC249DC9E0C}.RelWithDebInfo|x64.Build.0 = RelWithDebInfo|x64
		{04FC2843-DF1A-35CD-B2BC-C390C7A13BF0}.Debug|x64.ActiveCfg = Debug|x64
		{04FC2843-DF1A-35CD-B2BC-C390C7A13BF0}.Debug|x64.Build.0 = Debug|x64
		{04FC2843-DF1A-35CD-B2BC-C390C7A13BF0}.Release|x64.ActiveCfg = Release|x64
		{04FC2843-DF1A-35CD-B2BC-C390C7A13BF0}.Release|x64.Build.0 = Release|x64
		{04FC2843-DF1A-35CD-B2BC-C390C7A13BF0}.MinSizeRel|x64.ActiveCfg = MinSizeRel|x64
		{04FC2843-DF1A-35CD-B2BC-C390C7A13BF0}.MinSizeRel|x64.Build.0 = MinSizeRel|x64
		{04FC2843-DF1A-35CD-B2BC-C390C7A13BF0}.RelWithDebInfo|x64.ActiveCfg = RelWithDebInfo|x64
		{04FC2843-DF1A-35CD-B2BC-C390C7A13BF0}.RelWithDebInfo|x64.Build.0 = RelWithDebInfo|x64
		{8E8A15F8-CBB0-3ABD-A016-B2A3551CF551}.Debug|x64.ActiveCfg = Debug|x64
		{8E8A15F8-CBB0-3ABD-A016-B2A3551CF551}.Debug|x64.Build.0 = Debug|x64
		{8E8A15F8-CBB0-3ABD-A016-B2A3551CF551}.Release|x64.ActiveCfg = Release|x64
		{8E8A15F8-CBB0-3ABD-A016-B2A3551CF551}.Release|x64.Build.0 = Release|x64
		{8E8A15F8-CBB0-3ABD-A016-B2A3551CF551}.MinSizeRel|x64.ActiveCfg = MinSizeRel|x64
		{8E8A15F8-CBB0-3ABD-A016-B2A3551CF551}.MinSizeRel|x64.Build.0 = MinSizeRel|x64
		{8E8A15F8-CBB0-3ABD-A016-B2A3551CF551}.RelWithDebInfo|x64.ActiveCfg = RelWithDebInfo|x64
		{8E8A15F8-CBB0-3ABD-A016-B2A3551CF551}.RelWithDebInfo|x64.Build.0 = RelWithDebInfo|x64
	EndGlobalSection
	GlobalSection(ExtensibilityGlobals) = postSolution
		SolutionGuid = {4CC2CF4D-4EA1-367F-B9D0-F6E1CEE1DC46}
	EndGlobalSection
	GlobalSection(ExtensibilityAddIns) = postSolution
	EndGlobalSection
EndGlobal
